PODS:
  - CBRManagedObjectCache (1.3.0)
  - CloudBridge (0.10.5):
    - CBRManagedObjectCache (~> 1.3)
    - SLCoreDataStack (~> 0.8)
  - Expecta (0.3.2)
  - OCMock (3.1.2)
  - SLCoreDataStack (0.8.8)

DEPENDENCIES:
  - CloudBridge (from `../`)
  - Expecta (~> 0.3.1)
  - OCMock (~> 3.1.1)

EXTERNAL SOURCES:
  CloudBridge:
    :path: ../

SPEC CHECKSUMS:
  CBRManagedObjectCache: 8ef33932382421d783041d39ca2c0f30942661a5
  CloudBridge: 0062af6b702d29ef44fa842f6d4f45840959e0ad
  Expecta: ee641011fe10aa1855d487b40e4976dac50ec342
  OCMock: ecdd510b73ef397f2f97274785c1e87fd147c49f
  SLCoreDataStack: e71112a2b80ab726c31330a4a935c6019f389c4e

COCOAPODS: 0.36.0
