PODS:
  - AFNetworking (3.2.0):
    - AFNetworking/NSURLSession (= 3.2.0)
    - AFNetworking/Reachability (= 3.2.0)
    - AFNetworking/Security (= 3.2.0)
    - AFNetworking/Serialization (= 3.2.0)
    - AFNetworking/UIKit (= 3.2.0)
  - AFNetworking/NSURLSession (3.2.0):
    - AFNetworking/Reachability
    - AFNetworking/Security
    - AFNetworking/Serialization
  - AFNetworking/Reachability (3.2.0)
  - AFNetworking/Security (3.2.0)
  - AFNetworking/Serialization (3.2.0)
  - AFNetworking/UIKit (3.2.0):
    - AFNetworking/NSURLSession
  - CloudBridge/CBRRESTConnection (2.4.1):
    - AFNetworking (~> 3.0)
    - CloudBridge/CloudBridge
  - CloudBridge/CloudBridge (2.4.1)
  - CloudBridge/Core (2.4.1):
    - CloudBridge/CoreData+REST
    - CloudBridge/Realm+REST
  - CloudBridge/CoreData (2.4.1):
    - CloudBridge/CloudBridge
  - CloudBridge/CoreData+REST (2.4.1):
    - CloudBridge/CBRRESTConnection
    - CloudBridge/CoreData
  - CloudBridge/Realm (2.4.1):
    - CloudBridge/CloudBridge
    - Realm (~> 3.0)
  - CloudBridge/Realm+REST (2.4.1):
    - CloudBridge/CBRRESTConnection
    - CloudBridge/Realm
  - Expecta (1.0.6)
  - OCMock (3.2.2)
  - Realm (3.1.1):
    - Realm/Headers (= 3.1.1)
  - Realm/Headers (3.1.1)

DEPENDENCIES:
  - CloudBridge/Core (from `.`)
  - Expecta (~> 1.0)
  - OCMock (< 3.3)

EXTERNAL SOURCES:
  CloudBridge:
    :path: .

SPEC CHECKSUMS:
  AFNetworking: 8ac6017b94ea105479f7776e5288e48ae9c59bb4
  CloudBridge: e548141a5f9eff0356eae289f2abeb0c791a89fb
  Expecta: 3b6bd90a64b9a1dcb0b70aa0e10a7f8f631667d5
  OCMock: 18c9b7e67d4c2770e95bb77a9cc1ae0c91fe3835
  Realm: 42d1c38a5b1bbcc828b48a7ce702cb86fc68adf4

PODFILE CHECKSUM: 0a01498a6ba27a38f658200586f15834bde5a844

COCOAPODS: 1.4.0
