PODS:
  - AFNetworking (3.1.0):
    - AFNetworking/NSURLSession (= 3.1.0)
    - AFNetworking/Reachability (= 3.1.0)
    - AFNetworking/Security (= 3.1.0)
    - AFNetworking/Serialization (= 3.1.0)
    - AFNetworking/UIKit (= 3.1.0)
  - AFNetworking/NSURLSession (3.1.0):
    - AFNetworking/Reachability
    - AFNetworking/Security
    - AFNetworking/Serialization
  - AFNetworking/Reachability (3.1.0)
  - AFNetworking/Security (3.1.0)
  - AFNetworking/Serialization (3.1.0)
  - AFNetworking/UIKit (3.1.0):
    - AFNetworking/NSURLSession
  - CloudBridge (2.0.0):
    - CloudBridge/Core (= 2.0.0)
  - CloudBridge/CBRRESTConnection (2.0.0):
    - AFNetworking (~> 3.0)
    - CloudBridge/CloudBridge
  - CloudBridge/CloudBridge (2.0.0)
  - CloudBridge/Core (2.0.0):
    - CloudBridge/CoreData+REST
    - CloudBridge/Realm+REST
  - CloudBridge/CoreData (2.0.0):
    - CloudBridge/CloudBridge
  - CloudBridge/CoreData+REST (2.0.0):
    - CloudBridge/CBRRESTConnection
    - CloudBridge/CoreData
  - CloudBridge/Realm (2.0.0):
    - CloudBridge/CloudBridge
    - Realm (~> 2.0)
  - CloudBridge/Realm+REST (2.0.0):
    - CloudBridge/CBRRESTConnection
    - CloudBridge/Realm
  - Expecta (1.0.5)
  - OCMock (3.2)
  - Realm (2.4.4):
    - Realm/Headers (= 2.4.4)
  - Realm/Headers (2.4.4)

DEPENDENCIES:
  - CloudBridge (from `.`)
  - Expecta (~> 1.0)
  - OCMock (< 3.3)

EXTERNAL SOURCES:
  CloudBridge:
    :path: "."

SPEC CHECKSUMS:
  AFNetworking: 5e0e199f73d8626b11e79750991f5d173d1f8b67
  CloudBridge: a42898c3b35d85e33aa9b56e09396ccf952e1faa
  Expecta: e1c022fcd33910b6be89c291d2775b3fe27a89fe
  OCMock: 28def049ef47f996b515a8eeea958be7ccab2dbb
  Realm: 5a280a1f5a9a3c267bebf4f41ee47911137703d7

PODFILE CHECKSUM: 44d1e9b8e214e03fd2bb96020e787f2155249797

COCOAPODS: 1.2.0
