PODS:
  - AFNetworking (2.5.4):
    - AFNetworking/NSURLConnection (= 2.5.4)
    - AFNetworking/NSURLSession (= 2.5.4)
    - AFNetworking/Reachability (= 2.5.4)
    - AFNetworking/Security (= 2.5.4)
    - AFNetworking/Serialization (= 2.5.4)
    - AFNetworking/UIKit (= 2.5.4)
  - AFNetworking/NSURLConnection (2.5.4):
    - AFNetworking/Reachability
    - AFNetworking/Security
    - AFNetworking/Serialization
  - AFNetworking/NSURLSession (2.5.4):
    - AFNetworking/Reachability
    - AFNetworking/Security
    - AFNetworking/Serialization
  - AFNetworking/Reachability (2.5.4)
  - AFNetworking/Security (2.5.4)
  - AFNetworking/Serialization (2.5.4)
  - AFNetworking/UIKit (2.5.4):
    - AFNetworking/NSURLConnection
    - AFNetworking/NSURLSession
  - CBRManagedObjectCache (1.3.1)
  - CBRRESTConnection (1.2.2):
    - AFNetworking (~> 2.5)
    - CloudBridge (~> 1.0)
  - CloudBridge (1.2.2):
    - CBRManagedObjectCache (~> 1.3)
    - SLCoreDataStack (~> 1.0)
  - Expecta (1.0.0)
  - OCMock (3.1.2)
  - SLCoreDataStack (1.0.2)

DEPENDENCIES:
  - CBRRESTConnection (from `.`)
  - CloudBridge (from `.`)
  - Expecta (~> 1.0)
  - OCMock (~> 3.1.1)

EXTERNAL SOURCES:
  CBRRESTConnection:
    :path: "."
  CloudBridge:
    :path: "."

SPEC CHECKSUMS:
  AFNetworking: 05edc0ac4c4c8cf57bcf4b84be5b0744b6d8e71e
  CBRManagedObjectCache: 041a6a63baa804ca01ba67c5f040105117ad9867
  CBRRESTConnection: 878bf0e7cfedc4b414df42a279042ff3a44a6ab3
  CloudBridge: c1a3c59ef050dec62a4994ed8b4e57652c05ce14
  Expecta: 32604574add2c46a36f8d2f716b6c5736eb75024
  OCMock: a10ea9f0a6e921651f96f78b6faee95ebc813b92
  SLCoreDataStack: fd3651b1d7795cb322b816a1a1c81ba9833babac

COCOAPODS: 0.37.2
