// !$*UTF8*$!
{
	archiveVersion = 1;
	classes = {
	};
	objectVersion = 46;
	objects = {

/* Begin PBXBuildFile section */
		6003F58E195388D20070C39A /* Foundation.framework in Frameworks */ = {isa = PBXBuildFile; fileRef = 6003F58D195388D20070C39A /* Foundation.framework */; };
		6003F590195388D20070C39A /* CoreGraphics.framework in Frameworks */ = {isa = PBXBuildFile; fileRef = 6003F58F195388D20070C39A /* CoreGraphics.framework */; };
		6003F592195388D20070C39A /* UIKit.framework in Frameworks */ = {isa = PBXBuildFile; fileRef = 6003F591195388D20070C39A /* UIKit.framework */; };
		6003F598195388D20070C39A /* InfoPlist.strings in Resources */ = {isa = PBXBuildFile; fileRef = 6003F596195388D20070C39A /* InfoPlist.strings */; };
		6003F59A195388D20070C39A /* main.m in Sources */ = {isa = PBXBuildFile; fileRef = 6003F599195388D20070C39A /* main.m */; };
		6003F59E195388D20070C39A /* CBRAppDelegate.m in Sources */ = {isa = PBXBuildFile; fileRef = 6003F59D195388D20070C39A /* CBRAppDelegate.m */; };
		6003F5A7195388D20070C39A /* CBRViewController.m in Sources */ = {isa = PBXBuildFile; fileRef = 6003F5A6195388D20070C39A /* CBRViewController.m */; };
		6003F5A9195388D20070C39A /* Images.xcassets in Resources */ = {isa = PBXBuildFile; fileRef = 6003F5A8195388D20070C39A /* Images.xcassets */; };
		6003F5B0195388D20070C39A /* XCTest.framework in Frameworks */ = {isa = PBXBuildFile; fileRef = 6003F5AF195388D20070C39A /* XCTest.framework */; };
		6003F5B1195388D20070C39A /* Foundation.framework in Frameworks */ = {isa = PBXBuildFile; fileRef = 6003F58D195388D20070C39A /* Foundation.framework */; };
		6003F5B2195388D20070C39A /* UIKit.framework in Frameworks */ = {isa = PBXBuildFile; fileRef = 6003F591195388D20070C39A /* UIKit.framework */; };
		6003F5BA195388D20070C39A /* InfoPlist.strings in Resources */ = {isa = PBXBuildFile; fileRef = 6003F5B8195388D20070C39A /* InfoPlist.strings */; };
		A7CEDCCF1B0229D20011FA33 /* CBRIdentityPropertyMappingTest.m in Sources */ = {isa = PBXBuildFile; fileRef = A7CEDCCD1B0229D20011FA33 /* CBRIdentityPropertyMappingTest.m */; };
		A7CEDCD01B0229D20011FA33 /* CBRJSONDictionaryTransformerTests.m in Sources */ = {isa = PBXBuildFile; fileRef = A7CEDCCE1B0229D20011FA33 /* CBRJSONDictionaryTransformerTests.m */; };
		A7CEDCD31B022A330011FA33 /* JSONEntity1.m in Sources */ = {isa = PBXBuildFile; fileRef = A7CEDCD21B022A330011FA33 /* JSONEntity1.m */; };
		A7CEDCDD1B022AA80011FA33 /* SLEntity1.m in Sources */ = {isa = PBXBuildFile; fileRef = A7CEDCD81B022AA80011FA33 /* SLEntity1.m */; };
		A7CEDCDE1B022AA80011FA33 /* SLEntity2.m in Sources */ = {isa = PBXBuildFile; fileRef = A7CEDCDA1B022AA80011FA33 /* SLEntity2.m */; };
		A7CEDCDF1B022AA80011FA33 /* SLEntity3.m in Sources */ = {isa = PBXBuildFile; fileRef = A7CEDCDC1B022AA80011FA33 /* SLEntity3.m */; };
		A7CEDCE21B022AEF0011FA33 /* SLEntity4Subclass.m in Sources */ = {isa = PBXBuildFile; fileRef = A7CEDCE11B022AEF0011FA33 /* SLEntity4Subclass.m */; };
		A7CEDCE51B022AFA0011FA33 /* SLEntity5.m in Sources */ = {isa = PBXBuildFile; fileRef = A7CEDCE41B022AFA0011FA33 /* SLEntity5.m */; };
		A7CEDCF21B022B050011FA33 /* SLEntity5Child1.m in Sources */ = {isa = PBXBuildFile; fileRef = A7CEDCE71B022B050011FA33 /* SLEntity5Child1.m */; };
		A7CEDCF31B022B050011FA33 /* SLEntity5Child2.m in Sources */ = {isa = PBXBuildFile; fileRef = A7CEDCE91B022B050011FA33 /* SLEntity5Child2.m */; };
		A7CEDCF41B022B050011FA33 /* SLEntity5Child3.m in Sources */ = {isa = PBXBuildFile; fileRef = A7CEDCEB1B022B050011FA33 /* SLEntity5Child3.m */; };
		A7CEDCF51B022B050011FA33 /* SLEntity5Child4.m in Sources */ = {isa = PBXBuildFile; fileRef = A7CEDCED1B022B050011FA33 /* SLEntity5Child4.m */; };
		A7CEDCF61B022B050011FA33 /* SLEntity5Child5.m in Sources */ = {isa = PBXBuildFile; fileRef = A7CEDCEF1B022B050011FA33 /* SLEntity5Child5.m */; };
		A7CEDCF71B022B050011FA33 /* SLEntity5Child6.m in Sources */ = {isa = PBXBuildFile; fileRef = A7CEDCF11B022B050011FA33 /* SLEntity5Child6.m */; };
		A7CEDCFC1B022B220011FA33 /* SLEntity5Subclass.m in Sources */ = {isa = PBXBuildFile; fileRef = A7CEDCF91B022B220011FA33 /* SLEntity5Subclass.m */; };
		A7CEDCFD1B022B220011FA33 /* SLSubclassOfEntity1.m in Sources */ = {isa = PBXBuildFile; fileRef = A7CEDCFB1B022B220011FA33 /* SLSubclassOfEntity1.m */; };
		A7CEDCFF1B022B2C0011FA33 /* CBRUnderscoredPropertyMappingTests.m in Sources */ = {isa = PBXBuildFile; fileRef = A7CEDCFE1B022B2C0011FA33 /* CBRUnderscoredPropertyMappingTests.m */; };
		A7CEDD011B022B3E0011FA33 /* CBRRESTConnectionTests.m in Sources */ = {isa = PBXBuildFile; fileRef = A7CEDD001B022B3E0011FA33 /* CBRRESTConnectionTests.m */; };
		A7CEDD041B022C630011FA33 /* PrefixedEntitiy.m in Sources */ = {isa = PBXBuildFile; fileRef = A7CEDD031B022C630011FA33 /* PrefixedEntitiy.m */; };
		A7D1AC3A1A55529E00D25D50 /* CBRCloudBridgeTests.m in Sources */ = {isa = PBXBuildFile; fileRef = A7D1AC361A55529E00D25D50 /* CBRCloudBridgeTests.m */; };
		A7D1AC3B1A55529E00D25D50 /* CBROfflineCapableCloudBridgeTests.m in Sources */ = {isa = PBXBuildFile; fileRef = A7D1AC371A55529E00D25D50 /* CBROfflineCapableCloudBridgeTests.m */; };
		A7D1AC3C1A55529E00D25D50 /* CBRTestCase.m in Sources */ = {isa = PBXBuildFile; fileRef = A7D1AC391A55529E00D25D50 /* CBRTestCase.m */; };
		A7D1AC4B1A5552B000D25D50 /* CBRTestConnection.m in Sources */ = {isa = PBXBuildFile; fileRef = A7D1AC3E1A5552B000D25D50 /* CBRTestConnection.m */; };
		A7D1AC4C1A5552B000D25D50 /* CBRTestDataStore.m in Sources */ = {isa = PBXBuildFile; fileRef = A7D1AC401A5552B000D25D50 /* CBRTestDataStore.m */; };
		A7D1AC4D1A5552B000D25D50 /* OfflineEntity.m in Sources */ = {isa = PBXBuildFile; fileRef = A7D1AC421A5552B000D25D50 /* OfflineEntity.m */; };
		A7D1AC4E1A5552B000D25D50 /* OnlyOnlineEntity.m in Sources */ = {isa = PBXBuildFile; fileRef = A7D1AC441A5552B000D25D50 /* OnlyOnlineEntity.m */; };
		A7D1AC4F1A5552B000D25D50 /* SLEntity4.m in Sources */ = {isa = PBXBuildFile; fileRef = A7D1AC461A5552B000D25D50 /* SLEntity4.m */; };
		A7D1AC501A5552B000D25D50 /* SLEntity6.m in Sources */ = {isa = PBXBuildFile; fileRef = A7D1AC481A5552B000D25D50 /* SLEntity6.m */; };
		A7D1AC511A5552B000D25D50 /* SLEntity6Child.m in Sources */ = {isa = PBXBuildFile; fileRef = A7D1AC4A1A5552B000D25D50 /* SLEntity6Child.m */; };
		A7D1AC541A5552CB00D25D50 /* CBRTestDataStore.xcdatamodeld in Sources */ = {isa = PBXBuildFile; fileRef = A7D1AC521A5552CB00D25D50 /* CBRTestDataStore.xcdatamodeld */; };
		D21B80BB6D45A26E9C4673F3 /* Pods_Tests.framework in Frameworks */ = {isa = PBXBuildFile; fileRef = 44B0860206702640C4D5BD7B /* Pods_Tests.framework */; };
/* End PBXBuildFile section */

/* Begin PBXContainerItemProxy section */
		6003F5B3195388D20070C39A /* PBXContainerItemProxy */ = {
			isa = PBXContainerItemProxy;
			containerPortal = 6003F582195388D10070C39A /* Project object */;
			proxyType = 1;
			remoteGlobalIDString = 6003F589195388D20070C39A;
			remoteInfo = CloudBridge;
		};
/* End PBXContainerItemProxy section */

/* Begin PBXFileReference section */
		2DE14DC1F7377675EEC3E53E /* LICENSE */ = {isa = PBXFileReference; includeInIndex = 1; lastKnownFileType = text; name = LICENSE; path = ../LICENSE; sourceTree = "<group>"; };
		3C8A9AC090880158911193F7 /* Pods-Tests.debug.xcconfig */ = {isa = PBXFileReference; includeInIndex = 1; lastKnownFileType = text.xcconfig; name = "Pods-Tests.debug.xcconfig"; path = "../Pods/Target Support Files/Pods-Tests/Pods-Tests.debug.xcconfig"; sourceTree = "<group>"; };
		44B0860206702640C4D5BD7B /* Pods_Tests.framework */ = {isa = PBXFileReference; explicitFileType = wrapper.framework; includeInIndex = 0; path = Pods_Tests.framework; sourceTree = BUILT_PRODUCTS_DIR; };
		5FDDCD4EE7164D622A37CC3E /* Pods-CloudBridge.release.xcconfig */ = {isa = PBXFileReference; includeInIndex = 1; lastKnownFileType = text.xcconfig; name = "Pods-CloudBridge.release.xcconfig"; path = "../Pods/Target Support Files/Pods-CloudBridge/Pods-CloudBridge.release.xcconfig"; sourceTree = "<group>"; };
		6003F58A195388D20070C39A /* CloudBridge.app */ = {isa = PBXFileReference; explicitFileType = wrapper.application; includeInIndex = 0; path = CloudBridge.app; sourceTree = BUILT_PRODUCTS_DIR; };
		6003F58D195388D20070C39A /* Foundation.framework */ = {isa = PBXFileReference; lastKnownFileType = wrapper.framework; name = Foundation.framework; path = System/Library/Frameworks/Foundation.framework; sourceTree = SDKROOT; };
		6003F58F195388D20070C39A /* CoreGraphics.framework */ = {isa = PBXFileReference; lastKnownFileType = wrapper.framework; name = CoreGraphics.framework; path = System/Library/Frameworks/CoreGraphics.framework; sourceTree = SDKROOT; };
		6003F591195388D20070C39A /* UIKit.framework */ = {isa = PBXFileReference; lastKnownFileType = wrapper.framework; name = UIKit.framework; path = System/Library/Frameworks/UIKit.framework; sourceTree = SDKROOT; };
		6003F595195388D20070C39A /* CloudBridge-Info.plist */ = {isa = PBXFileReference; lastKnownFileType = text.plist.xml; path = "CloudBridge-Info.plist"; sourceTree = "<group>"; };
		6003F597195388D20070C39A /* en */ = {isa = PBXFileReference; lastKnownFileType = text.plist.strings; name = en; path = en.lproj/InfoPlist.strings; sourceTree = "<group>"; };
		6003F599195388D20070C39A /* main.m */ = {isa = PBXFileReference; lastKnownFileType = sourcecode.c.objc; path = main.m; sourceTree = "<group>"; };
		6003F59B195388D20070C39A /* CloudBridge-Prefix.pch */ = {isa = PBXFileReference; lastKnownFileType = sourcecode.c.h; path = "CloudBridge-Prefix.pch"; sourceTree = "<group>"; };
		6003F59C195388D20070C39A /* CBRAppDelegate.h */ = {isa = PBXFileReference; lastKnownFileType = sourcecode.c.h; path = CBRAppDelegate.h; sourceTree = "<group>"; };
		6003F59D195388D20070C39A /* CBRAppDelegate.m */ = {isa = PBXFileReference; lastKnownFileType = sourcecode.c.objc; path = CBRAppDelegate.m; sourceTree = "<group>"; };
		6003F5A5195388D20070C39A /* CBRViewController.h */ = {isa = PBXFileReference; lastKnownFileType = sourcecode.c.h; path = CBRViewController.h; sourceTree = "<group>"; };
		6003F5A6195388D20070C39A /* CBRViewController.m */ = {isa = PBXFileReference; lastKnownFileType = sourcecode.c.objc; path = CBRViewController.m; sourceTree = "<group>"; };
		6003F5A8195388D20070C39A /* Images.xcassets */ = {isa = PBXFileReference; lastKnownFileType = folder.assetcatalog; path = Images.xcassets; sourceTree = "<group>"; };
		6003F5AE195388D20070C39A /* Tests.xctest */ = {isa = PBXFileReference; explicitFileType = wrapper.cfbundle; includeInIndex = 0; path = Tests.xctest; sourceTree = BUILT_PRODUCTS_DIR; };
		6003F5AF195388D20070C39A /* XCTest.framework */ = {isa = PBXFileReference; lastKnownFileType = wrapper.framework; name = XCTest.framework; path = Library/Frameworks/XCTest.framework; sourceTree = DEVELOPER_DIR; };
		6003F5B7195388D20070C39A /* Tests-Info.plist */ = {isa = PBXFileReference; lastKnownFileType = text.plist.xml; path = "Tests-Info.plist"; sourceTree = "<group>"; };
		6003F5B9195388D20070C39A /* en */ = {isa = PBXFileReference; lastKnownFileType = text.plist.strings; name = en; path = en.lproj/InfoPlist.strings; sourceTree = "<group>"; };
		606FC2411953D9B200FFA9A0 /* Tests-Prefix.pch */ = {isa = PBXFileReference; lastKnownFileType = sourcecode.c.h; path = "Tests-Prefix.pch"; sourceTree = "<group>"; };
		8FB2AC50918F3490E1C5BF02 /* README.md */ = {isa = PBXFileReference; includeInIndex = 1; lastKnownFileType = net.daringfireball.markdown; name = README.md; path = ../README.md; sourceTree = "<group>"; };
		A7CEDCCD1B0229D20011FA33 /* CBRIdentityPropertyMappingTest.m */ = {isa = PBXFileReference; fileEncoding = 4; lastKnownFileType = sourcecode.c.objc; path = CBRIdentityPropertyMappingTest.m; sourceTree = "<group>"; };
		A7CEDCCE1B0229D20011FA33 /* CBRJSONDictionaryTransformerTests.m */ = {isa = PBXFileReference; fileEncoding = 4; lastKnownFileType = sourcecode.c.objc; path = CBRJSONDictionaryTransformerTests.m; sourceTree = "<group>"; };
		A7CEDCD11B022A330011FA33 /* JSONEntity1.h */ = {isa = PBXFileReference; fileEncoding = 4; lastKnownFileType = sourcecode.c.h; path = JSONEntity1.h; sourceTree = "<group>"; };
		A7CEDCD21B022A330011FA33 /* JSONEntity1.m */ = {isa = PBXFileReference; fileEncoding = 4; lastKnownFileType = sourcecode.c.objc; path = JSONEntity1.m; sourceTree = "<group>"; };
		A7CEDCD71B022AA80011FA33 /* SLEntity1.h */ = {isa = PBXFileReference; fileEncoding = 4; lastKnownFileType = sourcecode.c.h; path = SLEntity1.h; sourceTree = "<group>"; };
		A7CEDCD81B022AA80011FA33 /* SLEntity1.m */ = {isa = PBXFileReference; fileEncoding = 4; lastKnownFileType = sourcecode.c.objc; path = SLEntity1.m; sourceTree = "<group>"; };
		A7CEDCD91B022AA80011FA33 /* SLEntity2.h */ = {isa = PBXFileReference; fileEncoding = 4; lastKnownFileType = sourcecode.c.h; path = SLEntity2.h; sourceTree = "<group>"; };
		A7CEDCDA1B022AA80011FA33 /* SLEntity2.m */ = {isa = PBXFileReference; fileEncoding = 4; lastKnownFileType = sourcecode.c.objc; path = SLEntity2.m; sourceTree = "<group>"; };
		A7CEDCDB1B022AA80011FA33 /* SLEntity3.h */ = {isa = PBXFileReference; fileEncoding = 4; lastKnownFileType = sourcecode.c.h; path = SLEntity3.h; sourceTree = "<group>"; };
		A7CEDCDC1B022AA80011FA33 /* SLEntity3.m */ = {isa = PBXFileReference; fileEncoding = 4; lastKnownFileType = sourcecode.c.objc; path = SLEntity3.m; sourceTree = "<group>"; };
		A7CEDCE01B022AEF0011FA33 /* SLEntity4Subclass.h */ = {isa = PBXFileReference; fileEncoding = 4; lastKnownFileType = sourcecode.c.h; path = SLEntity4Subclass.h; sourceTree = "<group>"; };
		A7CEDCE11B022AEF0011FA33 /* SLEntity4Subclass.m */ = {isa = PBXFileReference; fileEncoding = 4; lastKnownFileType = sourcecode.c.objc; path = SLEntity4Subclass.m; sourceTree = "<group>"; };
		A7CEDCE31B022AFA0011FA33 /* SLEntity5.h */ = {isa = PBXFileReference; fileEncoding = 4; lastKnownFileType = sourcecode.c.h; path = SLEntity5.h; sourceTree = "<group>"; };
		A7CEDCE41B022AFA0011FA33 /* SLEntity5.m */ = {isa = PBXFileReference; fileEncoding = 4; lastKnownFileType = sourcecode.c.objc; path = SLEntity5.m; sourceTree = "<group>"; };
		A7CEDCE61B022B050011FA33 /* SLEntity5Child1.h */ = {isa = PBXFileReference; fileEncoding = 4; lastKnownFileType = sourcecode.c.h; path = SLEntity5Child1.h; sourceTree = "<group>"; };
		A7CEDCE71B022B050011FA33 /* SLEntity5Child1.m */ = {isa = PBXFileReference; fileEncoding = 4; lastKnownFileType = sourcecode.c.objc; path = SLEntity5Child1.m; sourceTree = "<group>"; };
		A7CEDCE81B022B050011FA33 /* SLEntity5Child2.h */ = {isa = PBXFileReference; fileEncoding = 4; lastKnownFileType = sourcecode.c.h; path = SLEntity5Child2.h; sourceTree = "<group>"; };
		A7CEDCE91B022B050011FA33 /* SLEntity5Child2.m */ = {isa = PBXFileReference; fileEncoding = 4; lastKnownFileType = sourcecode.c.objc; path = SLEntity5Child2.m; sourceTree = "<group>"; };
		A7CEDCEA1B022B050011FA33 /* SLEntity5Child3.h */ = {isa = PBXFileReference; fileEncoding = 4; lastKnownFileType = sourcecode.c.h; path = SLEntity5Child3.h; sourceTree = "<group>"; };
		A7CEDCEB1B022B050011FA33 /* SLEntity5Child3.m */ = {isa = PBXFileReference; fileEncoding = 4; lastKnownFileType = sourcecode.c.objc; path = SLEntity5Child3.m; sourceTree = "<group>"; };
		A7CEDCEC1B022B050011FA33 /* SLEntity5Child4.h */ = {isa = PBXFileReference; fileEncoding = 4; lastKnownFileType = sourcecode.c.h; path = SLEntity5Child4.h; sourceTree = "<group>"; };
		A7CEDCED1B022B050011FA33 /* SLEntity5Child4.m */ = {isa = PBXFileReference; fileEncoding = 4; lastKnownFileType = sourcecode.c.objc; path = SLEntity5Child4.m; sourceTree = "<group>"; };
		A7CEDCEE1B022B050011FA33 /* SLEntity5Child5.h */ = {isa = PBXFileReference; fileEncoding = 4; lastKnownFileType = sourcecode.c.h; path = SLEntity5Child5.h; sourceTree = "<group>"; };
		A7CEDCEF1B022B050011FA33 /* SLEntity5Child5.m */ = {isa = PBXFileReference; fileEncoding = 4; lastKnownFileType = sourcecode.c.objc; path = SLEntity5Child5.m; sourceTree = "<group>"; };
		A7CEDCF01B022B050011FA33 /* SLEntity5Child6.h */ = {isa = PBXFileReference; fileEncoding = 4; lastKnownFileType = sourcecode.c.h; path = SLEntity5Child6.h; sourceTree = "<group>"; };
		A7CEDCF11B022B050011FA33 /* SLEntity5Child6.m */ = {isa = PBXFileReference; fileEncoding = 4; lastKnownFileType = sourcecode.c.objc; path = SLEntity5Child6.m; sourceTree = "<group>"; };
		A7CEDCF81B022B220011FA33 /* SLEntity5Subclass.h */ = {isa = PBXFileReference; fileEncoding = 4; lastKnownFileType = sourcecode.c.h; path = SLEntity5Subclass.h; sourceTree = "<group>"; };
		A7CEDCF91B022B220011FA33 /* SLEntity5Subclass.m */ = {isa = PBXFileReference; fileEncoding = 4; lastKnownFileType = sourcecode.c.objc; path = SLEntity5Subclass.m; sourceTree = "<group>"; };
		A7CEDCFA1B022B220011FA33 /* SLSubclassOfEntity1.h */ = {isa = PBXFileReference; fileEncoding = 4; lastKnownFileType = sourcecode.c.h; path = SLSubclassOfEntity1.h; sourceTree = "<group>"; };
		A7CEDCFB1B022B220011FA33 /* SLSubclassOfEntity1.m */ = {isa = PBXFileReference; fileEncoding = 4; lastKnownFileType = sourcecode.c.objc; path = SLSubclassOfEntity1.m; sourceTree = "<group>"; };
		A7CEDCFE1B022B2C0011FA33 /* CBRUnderscoredPropertyMappingTests.m */ = {isa = PBXFileReference; fileEncoding = 4; lastKnownFileType = sourcecode.c.objc; path = CBRUnderscoredPropertyMappingTests.m; sourceTree = "<group>"; };
		A7CEDD001B022B3E0011FA33 /* CBRRESTConnectionTests.m */ = {isa = PBXFileReference; fileEncoding = 4; lastKnownFileType = sourcecode.c.objc; path = CBRRESTConnectionTests.m; sourceTree = "<group>"; };
		A7CEDD021B022C630011FA33 /* PrefixedEntitiy.h */ = {isa = PBXFileReference; fileEncoding = 4; lastKnownFileType = sourcecode.c.h; path = PrefixedEntitiy.h; sourceTree = "<group>"; };
		A7CEDD031B022C630011FA33 /* PrefixedEntitiy.m */ = {isa = PBXFileReference; fileEncoding = 4; lastKnownFileType = sourcecode.c.objc; path = PrefixedEntitiy.m; sourceTree = "<group>"; };
		A7D1AC361A55529E00D25D50 /* CBRCloudBridgeTests.m */ = {isa = PBXFileReference; fileEncoding = 4; lastKnownFileType = sourcecode.c.objc; path = CBRCloudBridgeTests.m; sourceTree = "<group>"; };
		A7D1AC371A55529E00D25D50 /* CBROfflineCapableCloudBridgeTests.m */ = {isa = PBXFileReference; fileEncoding = 4; lastKnownFileType = sourcecode.c.objc; path = CBROfflineCapableCloudBridgeTests.m; sourceTree = "<group>"; };
		A7D1AC381A55529E00D25D50 /* CBRTestCase.h */ = {isa = PBXFileReference; fileEncoding = 4; lastKnownFileType = sourcecode.c.h; path = CBRTestCase.h; sourceTree = "<group>"; };
		A7D1AC391A55529E00D25D50 /* CBRTestCase.m */ = {isa = PBXFileReference; fileEncoding = 4; lastKnownFileType = sourcecode.c.objc; path = CBRTestCase.m; sourceTree = "<group>"; };
		A7D1AC3D1A5552B000D25D50 /* CBRTestConnection.h */ = {isa = PBXFileReference; fileEncoding = 4; lastKnownFileType = sourcecode.c.h; path = CBRTestConnection.h; sourceTree = "<group>"; };
		A7D1AC3E1A5552B000D25D50 /* CBRTestConnection.m */ = {isa = PBXFileReference; fileEncoding = 4; lastKnownFileType = sourcecode.c.objc; path = CBRTestConnection.m; sourceTree = "<group>"; };
		A7D1AC3F1A5552B000D25D50 /* CBRTestDataStore.h */ = {isa = PBXFileReference; fileEncoding = 4; lastKnownFileType = sourcecode.c.h; path = CBRTestDataStore.h; sourceTree = "<group>"; };
		A7D1AC401A5552B000D25D50 /* CBRTestDataStore.m */ = {isa = PBXFileReference; fileEncoding = 4; lastKnownFileType = sourcecode.c.objc; path = CBRTestDataStore.m; sourceTree = "<group>"; };
		A7D1AC411A5552B000D25D50 /* OfflineEntity.h */ = {isa = PBXFileReference; fileEncoding = 4; lastKnownFileType = sourcecode.c.h; path = OfflineEntity.h; sourceTree = "<group>"; };
		A7D1AC421A5552B000D25D50 /* OfflineEntity.m */ = {isa = PBXFileReference; fileEncoding = 4; lastKnownFileType = sourcecode.c.objc; path = OfflineEntity.m; sourceTree = "<group>"; };
		A7D1AC431A5552B000D25D50 /* OnlyOnlineEntity.h */ = {isa = PBXFileReference; fileEncoding = 4; lastKnownFileType = sourcecode.c.h; path = OnlyOnlineEntity.h; sourceTree = "<group>"; };
		A7D1AC441A5552B000D25D50 /* OnlyOnlineEntity.m */ = {isa = PBXFileReference; fileEncoding = 4; lastKnownFileType = sourcecode.c.objc; path = OnlyOnlineEntity.m; sourceTree = "<group>"; };
		A7D1AC451A5552B000D25D50 /* SLEntity4.h */ = {isa = PBXFileReference; fileEncoding = 4; lastKnownFileType = sourcecode.c.h; path = SLEntity4.h; sourceTree = "<group>"; };
		A7D1AC461A5552B000D25D50 /* SLEntity4.m */ = {isa = PBXFileReference; fileEncoding = 4; lastKnownFileType = sourcecode.c.objc; path = SLEntity4.m; sourceTree = "<group>"; };
		A7D1AC471A5552B000D25D50 /* SLEntity6.h */ = {isa = PBXFileReference; fileEncoding = 4; lastKnownFileType = sourcecode.c.h; path = SLEntity6.h; sourceTree = "<group>"; };
		A7D1AC481A5552B000D25D50 /* SLEntity6.m */ = {isa = PBXFileReference; fileEncoding = 4; lastKnownFileType = sourcecode.c.objc; path = SLEntity6.m; sourceTree = "<group>"; };
		A7D1AC491A5552B000D25D50 /* SLEntity6Child.h */ = {isa = PBXFileReference; fileEncoding = 4; lastKnownFileType = sourcecode.c.h; path = SLEntity6Child.h; sourceTree = "<group>"; };
		A7D1AC4A1A5552B000D25D50 /* SLEntity6Child.m */ = {isa = PBXFileReference; fileEncoding = 4; lastKnownFileType = sourcecode.c.objc; path = SLEntity6Child.m; sourceTree = "<group>"; };
		A7D1AC531A5552CB00D25D50 /* CBRTestDataStore.xcdatamodel */ = {isa = PBXFileReference; lastKnownFileType = wrapper.xcdatamodel; path = CBRTestDataStore.xcdatamodel; sourceTree = "<group>"; };
		C70DCD240AEA30EE13D43FE0 /* Pods-Tests.release.xcconfig */ = {isa = PBXFileReference; includeInIndex = 1; lastKnownFileType = text.xcconfig; name = "Pods-Tests.release.xcconfig"; path = "../Pods/Target Support Files/Pods-Tests/Pods-Tests.release.xcconfig"; sourceTree = "<group>"; };
		D8FA532FD646DABE9FE60BB9 /* Pods-CloudBridge.debug.xcconfig */ = {isa = PBXFileReference; includeInIndex = 1; lastKnownFileType = text.xcconfig; name = "Pods-CloudBridge.debug.xcconfig"; path = "../Pods/Target Support Files/Pods-CloudBridge/Pods-CloudBridge.debug.xcconfig"; sourceTree = "<group>"; };
		E91DFC8BBBE19C1D59184287 /* libPods.a */ = {isa = PBXFileReference; explicitFileType = archive.ar; includeInIndex = 0; path = libPods.a; sourceTree = BUILT_PRODUCTS_DIR; };
		F1AE2995C27A5EED9D2E04C7 /* Pods_CloudBridge.framework */ = {isa = PBXFileReference; explicitFileType = wrapper.framework; includeInIndex = 0; path = Pods_CloudBridge.framework; sourceTree = BUILT_PRODUCTS_DIR; };
		F6B5409ED320939F22765006 /* CloudBridge.podspec */ = {isa = PBXFileReference; includeInIndex = 1; lastKnownFileType = text; name = CloudBridge.podspec; path = ../CloudBridge.podspec; sourceTree = "<group>"; };
/* End PBXFileReference section */

/* Begin PBXFrameworksBuildPhase section */
		6003F587195388D20070C39A /* Frameworks */ = {
			isa = PBXFrameworksBuildPhase;
			buildActionMask = 2147483647;
			files = (
				6003F590195388D20070C39A /* CoreGraphics.framework in Frameworks */,
				6003F592195388D20070C39A /* UIKit.framework in Frameworks */,
				6003F58E195388D20070C39A /* Foundation.framework in Frameworks */,
			);
			runOnlyForDeploymentPostprocessing = 0;
		};
		6003F5AB195388D20070C39A /* Frameworks */ = {
			isa = PBXFrameworksBuildPhase;
			buildActionMask = 2147483647;
			files = (
				6003F5B0195388D20070C39A /* XCTest.framework in Frameworks */,
				6003F5B2195388D20070C39A /* UIKit.framework in Frameworks */,
				6003F5B1195388D20070C39A /* Foundation.framework in Frameworks */,
				D21B80BB6D45A26E9C4673F3 /* Pods_Tests.framework in Frameworks */,
			);
			runOnlyForDeploymentPostprocessing = 0;
		};
/* End PBXFrameworksBuildPhase section */

/* Begin PBXGroup section */
		6003F581195388D10070C39A = {
			isa = PBXGroup;
			children = (
				60FF7A9C1954A5C5007DD14C /* Podspec Metadata */,
				6003F593195388D20070C39A /* CloudBridge */,
				6003F5B5195388D20070C39A /* Tests */,
				6003F58C195388D20070C39A /* Frameworks */,
				6003F58B195388D20070C39A /* Products */,
				8095564BB43C49656F25BA91 /* Pods */,
			);
			sourceTree = "<group>";
		};
		6003F58B195388D20070C39A /* Products */ = {
			isa = PBXGroup;
			children = (
				6003F58A195388D20070C39A /* CloudBridge.app */,
				6003F5AE195388D20070C39A /* Tests.xctest */,
			);
			name = Products;
			sourceTree = "<group>";
		};
		6003F58C195388D20070C39A /* Frameworks */ = {
			isa = PBXGroup;
			children = (
				6003F58D195388D20070C39A /* Foundation.framework */,
				6003F58F195388D20070C39A /* CoreGraphics.framework */,
				6003F591195388D20070C39A /* UIKit.framework */,
				6003F5AF195388D20070C39A /* XCTest.framework */,
				E91DFC8BBBE19C1D59184287 /* libPods.a */,
				F1AE2995C27A5EED9D2E04C7 /* Pods_CloudBridge.framework */,
				44B0860206702640C4D5BD7B /* Pods_Tests.framework */,
			);
			name = Frameworks;
			sourceTree = "<group>";
		};
		6003F593195388D20070C39A /* CloudBridge */ = {
			isa = PBXGroup;
			children = (
				6003F59C195388D20070C39A /* CBRAppDelegate.h */,
				6003F59D195388D20070C39A /* CBRAppDelegate.m */,
				6003F5A5195388D20070C39A /* CBRViewController.h */,
				6003F5A6195388D20070C39A /* CBRViewController.m */,
				6003F5A8195388D20070C39A /* Images.xcassets */,
				6003F594195388D20070C39A /* Supporting Files */,
			);
			path = CloudBridge;
			sourceTree = "<group>";
		};
		6003F594195388D20070C39A /* Supporting Files */ = {
			isa = PBXGroup;
			children = (
				6003F595195388D20070C39A /* CloudBridge-Info.plist */,
				6003F596195388D20070C39A /* InfoPlist.strings */,
				6003F599195388D20070C39A /* main.m */,
				6003F59B195388D20070C39A /* CloudBridge-Prefix.pch */,
			);
			name = "Supporting Files";
			sourceTree = "<group>";
		};
		6003F5B5195388D20070C39A /* Tests */ = {
			isa = PBXGroup;
			children = (
				A7CEDD001B022B3E0011FA33 /* CBRRESTConnectionTests.m */,
				A7CEDCFE1B022B2C0011FA33 /* CBRUnderscoredPropertyMappingTests.m */,
				A7CEDCCD1B0229D20011FA33 /* CBRIdentityPropertyMappingTest.m */,
				A7CEDCCE1B0229D20011FA33 /* CBRJSONDictionaryTransformerTests.m */,
				A7D1AC361A55529E00D25D50 /* CBRCloudBridgeTests.m */,
				A7D1AC371A55529E00D25D50 /* CBROfflineCapableCloudBridgeTests.m */,
				A7D1AC381A55529E00D25D50 /* CBRTestCase.h */,
				A7D1AC391A55529E00D25D50 /* CBRTestCase.m */,
				6003F5B6195388D20070C39A /* Supporting Files */,
			);
			path = Tests;
			sourceTree = "<group>";
		};
		6003F5B6195388D20070C39A /* Supporting Files */ = {
			isa = PBXGroup;
			children = (
				A7D1AC521A5552CB00D25D50 /* CBRTestDataStore.xcdatamodeld */,
				A7D1AC3D1A5552B000D25D50 /* CBRTestConnection.h */,
				A7D1AC3E1A5552B000D25D50 /* CBRTestConnection.m */,
				A7D1AC3F1A5552B000D25D50 /* CBRTestDataStore.h */,
				A7D1AC401A5552B000D25D50 /* CBRTestDataStore.m */,
				A7CEDD021B022C630011FA33 /* PrefixedEntitiy.h */,
				A7CEDD031B022C630011FA33 /* PrefixedEntitiy.m */,
				A7D1AC411A5552B000D25D50 /* OfflineEntity.h */,
				A7D1AC421A5552B000D25D50 /* OfflineEntity.m */,
				A7D1AC431A5552B000D25D50 /* OnlyOnlineEntity.h */,
				A7D1AC441A5552B000D25D50 /* OnlyOnlineEntity.m */,
				A7CEDCD11B022A330011FA33 /* JSONEntity1.h */,
				A7CEDCD21B022A330011FA33 /* JSONEntity1.m */,
				A7CEDCD71B022AA80011FA33 /* SLEntity1.h */,
				A7CEDCD81B022AA80011FA33 /* SLEntity1.m */,
				A7CEDCD91B022AA80011FA33 /* SLEntity2.h */,
				A7CEDCDA1B022AA80011FA33 /* SLEntity2.m */,
				A7CEDCDB1B022AA80011FA33 /* SLEntity3.h */,
				A7CEDCDC1B022AA80011FA33 /* SLEntity3.m */,
				A7D1AC451A5552B000D25D50 /* SLEntity4.h */,
				A7D1AC461A5552B000D25D50 /* SLEntity4.m */,
				A7CEDCE01B022AEF0011FA33 /* SLEntity4Subclass.h */,
				A7CEDCE11B022AEF0011FA33 /* SLEntity4Subclass.m */,
				A7CEDCE31B022AFA0011FA33 /* SLEntity5.h */,
				A7CEDCE41B022AFA0011FA33 /* SLEntity5.m */,
				A7CEDCE61B022B050011FA33 /* SLEntity5Child1.h */,
				A7CEDCE71B022B050011FA33 /* SLEntity5Child1.m */,
				A7CEDCE81B022B050011FA33 /* SLEntity5Child2.h */,
				A7CEDCE91B022B050011FA33 /* SLEntity5Child2.m */,
				A7CEDCEA1B022B050011FA33 /* SLEntity5Child3.h */,
				A7CEDCEB1B022B050011FA33 /* SLEntity5Child3.m */,
				A7CEDCEC1B022B050011FA33 /* SLEntity5Child4.h */,
				A7CEDCED1B022B050011FA33 /* SLEntity5Child4.m */,
				A7CEDCEE1B022B050011FA33 /* SLEntity5Child5.h */,
				A7CEDCEF1B022B050011FA33 /* SLEntity5Child5.m */,
				A7CEDCF01B022B050011FA33 /* SLEntity5Child6.h */,
				A7CEDCF11B022B050011FA33 /* SLEntity5Child6.m */,
				A7D1AC471A5552B000D25D50 /* SLEntity6.h */,
				A7D1AC481A5552B000D25D50 /* SLEntity6.m */,
				A7D1AC491A5552B000D25D50 /* SLEntity6Child.h */,
				A7D1AC4A1A5552B000D25D50 /* SLEntity6Child.m */,
				A7CEDCF81B022B220011FA33 /* SLEntity5Subclass.h */,
				A7CEDCF91B022B220011FA33 /* SLEntity5Subclass.m */,
				A7CEDCFA1B022B220011FA33 /* SLSubclassOfEntity1.h */,
				A7CEDCFB1B022B220011FA33 /* SLSubclassOfEntity1.m */,
				6003F5B7195388D20070C39A /* Tests-Info.plist */,
				6003F5B8195388D20070C39A /* InfoPlist.strings */,
				606FC2411953D9B200FFA9A0 /* Tests-Prefix.pch */,
			);
			name = "Supporting Files";
			sourceTree = "<group>";
		};
		60FF7A9C1954A5C5007DD14C /* Podspec Metadata */ = {
			isa = PBXGroup;
			children = (
				F6B5409ED320939F22765006 /* CloudBridge.podspec */,
				8FB2AC50918F3490E1C5BF02 /* README.md */,
				2DE14DC1F7377675EEC3E53E /* LICENSE */,
			);
			name = "Podspec Metadata";
			sourceTree = "<group>";
		};
		8095564BB43C49656F25BA91 /* Pods */ = {
			isa = PBXGroup;
			children = (
				D8FA532FD646DABE9FE60BB9 /* Pods-CloudBridge.debug.xcconfig */,
				5FDDCD4EE7164D622A37CC3E /* Pods-CloudBridge.release.xcconfig */,
				3C8A9AC090880158911193F7 /* Pods-Tests.debug.xcconfig */,
				C70DCD240AEA30EE13D43FE0 /* Pods-Tests.release.xcconfig */,
			);
			name = Pods;
			sourceTree = "<group>";
		};
/* End PBXGroup section */

/* Begin PBXNativeTarget section */
		6003F589195388D20070C39A /* CloudBridge */ = {
			isa = PBXNativeTarget;
			buildConfigurationList = 6003F5BF195388D20070C39A /* Build configuration list for PBXNativeTarget "CloudBridge" */;
			buildPhases = (
				6003F586195388D20070C39A /* Sources */,
				6003F587195388D20070C39A /* Frameworks */,
				6003F588195388D20070C39A /* Resources */,
			);
			buildRules = (
			);
			dependencies = (
			);
			name = CloudBridge;
			productName = CloudBridge;
			productReference = 6003F58A195388D20070C39A /* CloudBridge.app */;
			productType = "com.apple.product-type.application";
		};
		6003F5AD195388D20070C39A /* Tests */ = {
			isa = PBXNativeTarget;
			buildConfigurationList = 6003F5C2195388D20070C39A /* Build configuration list for PBXNativeTarget "Tests" */;
			buildPhases = (
				F4B310B85AA5A55C5C56B3C3 /* [CP] Check Pods Manifest.lock */,
				6003F5AA195388D20070C39A /* Sources */,
				6003F5AB195388D20070C39A /* Frameworks */,
				6003F5AC195388D20070C39A /* Resources */,
				DA0B1E7F9D11D86368FE3C56 /* [CP] Copy Pods Resources */,
				309462669D8EDE22EFE501C3 /* [CP] Embed Pods Frameworks */,
			);
			buildRules = (
			);
			dependencies = (
				6003F5B4195388D20070C39A /* PBXTargetDependency */,
			);
			name = Tests;
			productName = CloudBridgeTests;
			productReference = 6003F5AE195388D20070C39A /* Tests.xctest */;
			productType = "com.apple.product-type.bundle.unit-test";
		};
/* End PBXNativeTarget section */

/* Begin PBXProject section */
		6003F582195388D10070C39A /* Project object */ = {
			isa = PBXProject;
			attributes = {
				CLASSPREFIX = CBR;
				LastUpgradeCheck = 0820;
				ORGANIZATIONNAME = "Oliver Letterer";
				TargetAttributes = {
					6003F5AD195388D20070C39A = {
						TestTargetID = 6003F589195388D20070C39A;
					};
				};
			};
			buildConfigurationList = 6003F585195388D10070C39A /* Build configuration list for PBXProject "CloudBridge" */;
			compatibilityVersion = "Xcode 3.2";
			developmentRegion = English;
			hasScannedForEncodings = 0;
			knownRegions = (
				en,
				Base,
			);
			mainGroup = 6003F581195388D10070C39A;
			productRefGroup = 6003F58B195388D20070C39A /* Products */;
			projectDirPath = "";
			projectRoot = "";
			targets = (
				6003F589195388D20070C39A /* CloudBridge */,
				6003F5AD195388D20070C39A /* Tests */,
			);
		};
/* End PBXProject section */

/* Begin PBXResourcesBuildPhase section */
		6003F588195388D20070C39A /* Resources */ = {
			isa = PBXResourcesBuildPhase;
			buildActionMask = 2147483647;
			files = (
				6003F5A9195388D20070C39A /* Images.xcassets in Resources */,
				6003F598195388D20070C39A /* InfoPlist.strings in Resources */,
			);
			runOnlyForDeploymentPostprocessing = 0;
		};
		6003F5AC195388D20070C39A /* Resources */ = {
			isa = PBXResourcesBuildPhase;
			buildActionMask = 2147483647;
			files = (
				6003F5BA195388D20070C39A /* InfoPlist.strings in Resources */,
			);
			runOnlyForDeploymentPostprocessing = 0;
		};
/* End PBXResourcesBuildPhase section */

/* Begin PBXShellScriptBuildPhase section */
		309462669D8EDE22EFE501C3 /* [CP] Embed Pods Frameworks */ = {
			isa = PBXShellScriptBuildPhase;
			buildActionMask = 2147483647;
			files = (
			);
			inputPaths = (
			);
			name = "[CP] Embed Pods Frameworks";
			outputPaths = (
			);
			runOnlyForDeploymentPostprocessing = 0;
			shellPath = /bin/sh;
			shellScript = "\"${SRCROOT}/../Pods/Target Support Files/Pods-Tests/Pods-Tests-frameworks.sh\"\n";
			showEnvVarsInLog = 0;
		};
		DA0B1E7F9D11D86368FE3C56 /* [CP] Copy Pods Resources */ = {
			isa = PBXShellScriptBuildPhase;
			buildActionMask = 2147483647;
			files = (
			);
			inputPaths = (
			);
			name = "[CP] Copy Pods Resources";
			outputPaths = (
			);
			runOnlyForDeploymentPostprocessing = 0;
			shellPath = /bin/sh;
			shellScript = "\"${SRCROOT}/../Pods/Target Support Files/Pods-Tests/Pods-Tests-resources.sh\"\n";
			showEnvVarsInLog = 0;
		};
		F4B310B85AA5A55C5C56B3C3 /* [CP] Check Pods Manifest.lock */ = {
			isa = PBXShellScriptBuildPhase;
			buildActionMask = 2147483647;
			files = (
			);
			inputPaths = (
			);
			name = "[CP] Check Pods Manifest.lock";
			outputPaths = (
			);
			runOnlyForDeploymentPostprocessing = 0;
			shellPath = /bin/sh;
			shellScript = "diff \"${PODS_ROOT}/../Podfile.lock\" \"${PODS_ROOT}/Manifest.lock\" > /dev/null\nif [ $? != 0 ] ; then\n    # print error to STDERR\n    echo \"error: The sandbox is not in sync with the Podfile.lock. Run 'pod install' or update your CocoaPods installation.\" >&2\n    exit 1\nfi\n";
			showEnvVarsInLog = 0;
		};
/* End PBXShellScriptBuildPhase section */

/* Begin PBXSourcesBuildPhase section */
		6003F586195388D20070C39A /* Sources */ = {
			isa = PBXSourcesBuildPhase;
			buildActionMask = 2147483647;
			files = (
				6003F59E195388D20070C39A /* CBRAppDelegate.m in Sources */,
				6003F5A7195388D20070C39A /* CBRViewController.m in Sources */,
				6003F59A195388D20070C39A /* main.m in Sources */,
			);
			runOnlyForDeploymentPostprocessing = 0;
		};
		6003F5AA195388D20070C39A /* Sources */ = {
			isa = PBXSourcesBuildPhase;
			buildActionMask = 2147483647;
			files = (
				A7D1AC3A1A55529E00D25D50 /* CBRCloudBridgeTests.m in Sources */,
				A7D1AC511A5552B000D25D50 /* SLEntity6Child.m in Sources */,
				A7CEDD011B022B3E0011FA33 /* CBRRESTConnectionTests.m in Sources */,
				A7CEDCF41B022B050011FA33 /* SLEntity5Child3.m in Sources */,
				A7CEDCFC1B022B220011FA33 /* SLEntity5Subclass.m in Sources */,
				A7CEDCF21B022B050011FA33 /* SLEntity5Child1.m in Sources */,
				A7CEDCD31B022A330011FA33 /* JSONEntity1.m in Sources */,
				A7D1AC4B1A5552B000D25D50 /* CBRTestConnection.m in Sources */,
				A7CEDCDE1B022AA80011FA33 /* SLEntity2.m in Sources */,
				A7CEDCFF1B022B2C0011FA33 /* CBRUnderscoredPropertyMappingTests.m in Sources */,
				A7CEDCF71B022B050011FA33 /* SLEntity5Child6.m in Sources */,
				A7CEDCDF1B022AA80011FA33 /* SLEntity3.m in Sources */,
				A7D1AC4E1A5552B000D25D50 /* OnlyOnlineEntity.m in Sources */,
				A7CEDD041B022C630011FA33 /* PrefixedEntitiy.m in Sources */,
				A7CEDCF51B022B050011FA33 /* SLEntity5Child4.m in Sources */,
				A7CEDCF31B022B050011FA33 /* SLEntity5Child2.m in Sources */,
				A7D1AC4D1A5552B000D25D50 /* OfflineEntity.m in Sources */,
				A7CEDCFD1B022B220011FA33 /* SLSubclassOfEntity1.m in Sources */,
				A7D1AC541A5552CB00D25D50 /* CBRTestDataStore.xcdatamodeld in Sources */,
				A7CEDCE51B022AFA0011FA33 /* SLEntity5.m in Sources */,
				A7CEDCF61B022B050011FA33 /* SLEntity5Child5.m in Sources */,
				A7D1AC3B1A55529E00D25D50 /* CBROfflineCapableCloudBridgeTests.m in Sources */,
				A7CEDCD01B0229D20011FA33 /* CBRJSONDictionaryTransformerTests.m in Sources */,
				A7D1AC3C1A55529E00D25D50 /* CBRTestCase.m in Sources */,
				A7D1AC4F1A5552B000D25D50 /* SLEntity4.m in Sources */,
				A7D1AC4C1A5552B000D25D50 /* CBRTestDataStore.m in Sources */,
				A7CEDCCF1B0229D20011FA33 /* CBRIdentityPropertyMappingTest.m in Sources */,
				A7D1AC501A5552B000D25D50 /* SLEntity6.m in Sources */,
				A7CEDCE21B022AEF0011FA33 /* SLEntity4Subclass.m in Sources */,
				A7CEDCDD1B022AA80011FA33 /* SLEntity1.m in Sources */,
			);
			runOnlyForDeploymentPostprocessing = 0;
		};
/* End PBXSourcesBuildPhase section */

/* Begin PBXTargetDependency section */
		6003F5B4195388D20070C39A /* PBXTargetDependency */ = {
			isa = PBXTargetDependency;
			target = 6003F589195388D20070C39A /* CloudBridge */;
			targetProxy = 6003F5B3195388D20070C39A /* PBXContainerItemProxy */;
		};
/* End PBXTargetDependency section */

/* Begin PBXVariantGroup section */
		6003F596195388D20070C39A /* InfoPlist.strings */ = {
			isa = PBXVariantGroup;
			children = (
				6003F597195388D20070C39A /* en */,
			);
			name = InfoPlist.strings;
			sourceTree = "<group>";
		};
		6003F5B8195388D20070C39A /* InfoPlist.strings */ = {
			isa = PBXVariantGroup;
			children = (
				6003F5B9195388D20070C39A /* en */,
			);
			name = InfoPlist.strings;
			sourceTree = "<group>";
		};
/* End PBXVariantGroup section */

/* Begin XCBuildConfiguration section */
		6003F5BD195388D20070C39A /* Debug */ = {
			isa = XCBuildConfiguration;
			buildSettings = {
				ALWAYS_SEARCH_USER_PATHS = NO;
				CLANG_CXX_LANGUAGE_STANDARD = "gnu++0x";
				CLANG_CXX_LIBRARY = "libc++";
				CLANG_ENABLE_MODULES = YES;
				CLANG_ENABLE_OBJC_ARC = YES;
				CLANG_WARN_BOOL_CONVERSION = YES;
				CLANG_WARN_CONSTANT_CONVERSION = YES;
				CLANG_WARN_DIRECT_OBJC_ISA_USAGE = YES_ERROR;
				CLANG_WARN_EMPTY_BODY = YES;
				CLANG_WARN_ENUM_CONVERSION = YES;
				CLANG_WARN_INFINITE_RECURSION = YES;
				CLANG_WARN_INT_CONVERSION = YES;
				CLANG_WARN_OBJC_ROOT_CLASS = YES_ERROR;
				CLANG_WARN_SUSPICIOUS_MOVE = YES;
				CLANG_WARN_UNREACHABLE_CODE = YES;
				CLANG_WARN__DUPLICATE_METHOD_MATCH = YES;
				"CODE_SIGN_IDENTITY[sdk=iphoneos*]" = "iPhone Developer";
				COPY_PHASE_STRIP = NO;
				ENABLE_STRICT_OBJC_MSGSEND = YES;
				ENABLE_TESTABILITY = YES;
				GCC_C_LANGUAGE_STANDARD = gnu99;
				GCC_DYNAMIC_NO_PIC = NO;
				GCC_NO_COMMON_BLOCKS = YES;
				GCC_OPTIMIZATION_LEVEL = 0;
				GCC_PREPROCESSOR_DEFINITIONS = (
					"DEBUG=1",
					"$(inherited)",
				);
				GCC_SYMBOLS_PRIVATE_EXTERN = NO;
				GCC_WARN_64_TO_32_BIT_CONVERSION = YES;
				GCC_WARN_ABOUT_RETURN_TYPE = YES_ERROR;
				GCC_WARN_UNDECLARED_SELECTOR = YES;
				GCC_WARN_UNINITIALIZED_AUTOS = YES_AGGRESSIVE;
				GCC_WARN_UNUSED_FUNCTION = YES;
				GCC_WARN_UNUSED_VARIABLE = YES;
				IPHONEOS_DEPLOYMENT_TARGET = 9.0;
				ONLY_ACTIVE_ARCH = YES;
				SDKROOT = iphoneos;
				TARGETED_DEVICE_FAMILY = "1,2";
			};
			name = Debug;
		};
		6003F5BE195388D20070C39A /* Release */ = {
			isa = XCBuildConfiguration;
			buildSettings = {
				ALWAYS_SEARCH_USER_PATHS = NO;
				CLANG_CXX_LANGUAGE_STANDARD = "gnu++0x";
				CLANG_CXX_LIBRARY = "libc++";
				CLANG_ENABLE_MODULES = YES;
				CLANG_ENABLE_OBJC_ARC = YES;
				CLANG_WARN_BOOL_CONVERSION = YES;
				CLANG_WARN_CONSTANT_CONVERSION = YES;
				CLANG_WARN_DIRECT_OBJC_ISA_USAGE = YES_ERROR;
				CLANG_WARN_EMPTY_BODY = YES;
				CLANG_WARN_ENUM_CONVERSION = YES;
				CLANG_WARN_INFINITE_RECURSION = YES;
				CLANG_WARN_INT_CONVERSION = YES;
				CLANG_WARN_OBJC_ROOT_CLASS = YES_ERROR;
				CLANG_WARN_SUSPICIOUS_MOVE = YES;
				CLANG_WARN_UNREACHABLE_CODE = YES;
				CLANG_WARN__DUPLICATE_METHOD_MATCH = YES;
				"CODE_SIGN_IDENTITY[sdk=iphoneos*]" = "iPhone Developer";
				COPY_PHASE_STRIP = YES;
				ENABLE_NS_ASSERTIONS = NO;
				ENABLE_STRICT_OBJC_MSGSEND = YES;
				GCC_C_LANGUAGE_STANDARD = gnu99;
				GCC_NO_COMMON_BLOCKS = YES;
				GCC_WARN_64_TO_32_BIT_CONVERSION = YES;
				GCC_WARN_ABOUT_RETURN_TYPE = YES_ERROR;
				GCC_WARN_UNDECLARED_SELECTOR = YES;
				GCC_WARN_UNINITIALIZED_AUTOS = YES_AGGRESSIVE;
				GCC_WARN_UNUSED_FUNCTION = YES;
				GCC_WARN_UNUSED_VARIABLE = YES;
				IPHONEOS_DEPLOYMENT_TARGET = 9.0;
				SDKROOT = iphoneos;
				TARGETED_DEVICE_FAMILY = "1,2";
				VALIDATE_PRODUCT = YES;
			};
			name = Release;
		};
		6003F5C0195388D20070C39A /* Debug */ = {
			isa = XCBuildConfiguration;
			buildSettings = {
				ASSETCATALOG_COMPILER_APPICON_NAME = AppIcon;
				ASSETCATALOG_COMPILER_LAUNCHIMAGE_NAME = LaunchImage;
				GCC_PRECOMPILE_PREFIX_HEADER = YES;
				GCC_PREFIX_HEADER = "CloudBridge/CloudBridge-Prefix.pch";
				INFOPLIST_FILE = "CloudBridge/CloudBridge-Info.plist";
				PRODUCT_BUNDLE_IDENTIFIER = "org.cocoapods.demo.${PRODUCT_NAME:rfc1034identifier}";
				PRODUCT_NAME = "$(TARGET_NAME)";
				WRAPPER_EXTENSION = app;
			};
			name = Debug;
		};
		6003F5C1195388D20070C39A /* Release */ = {
			isa = XCBuildConfiguration;
			buildSettings = {
				ASSETCATALOG_COMPILER_APPICON_NAME = AppIcon;
				ASSETCATALOG_COMPILER_LAUNCHIMAGE_NAME = LaunchImage;
				GCC_PRECOMPILE_PREFIX_HEADER = YES;
				GCC_PREFIX_HEADER = "CloudBridge/CloudBridge-Prefix.pch";
				INFOPLIST_FILE = "CloudBridge/CloudBridge-Info.plist";
				PRODUCT_BUNDLE_IDENTIFIER = "org.cocoapods.demo.${PRODUCT_NAME:rfc1034identifier}";
				PRODUCT_NAME = "$(TARGET_NAME)";
				WRAPPER_EXTENSION = app;
			};
			name = Release;
		};
		6003F5C3195388D20070C39A /* Debug */ = {
			isa = XCBuildConfiguration;
			baseConfigurationReference = 3C8A9AC090880158911193F7 /* Pods-Tests.debug.xcconfig */;
			buildSettings = {
				BUNDLE_LOADER = "$(BUILT_PRODUCTS_DIR)/CloudBridge.app/CloudBridge";
				GCC_PRECOMPILE_PREFIX_HEADER = YES;
				GCC_PREFIX_HEADER = "Tests/Tests-Prefix.pch";
				GCC_PREPROCESSOR_DEFINITIONS = (
					"DEBUG=1",
					"$(inherited)",
				);
				INFOPLIST_FILE = "Tests/Tests-Info.plist";
				PRODUCT_BUNDLE_IDENTIFIER = "org.cocoapods.demo.${PRODUCT_NAME:rfc1034identifier}";
				PRODUCT_NAME = "$(TARGET_NAME)";
				TEST_HOST = "$(BUNDLE_LOADER)";
				WRAPPER_EXTENSION = xctest;
			};
			name = Debug;
		};
		6003F5C4195388D20070C39A /* Release */ = {
			isa = XCBuildConfiguration;
			baseConfigurationReference = C70DCD240AEA30EE13D43FE0 /* Pods-Tests.release.xcconfig */;
			buildSettings = {
				BUNDLE_LOADER = "$(BUILT_PRODUCTS_DIR)/CloudBridge.app/CloudBridge";
				GCC_PRECOMPILE_PREFIX_HEADER = YES;
				GCC_PREFIX_HEADER = "Tests/Tests-Prefix.pch";
				INFOPLIST_FILE = "Tests/Tests-Info.plist";
				PRODUCT_BUNDLE_IDENTIFIER = "org.cocoapods.demo.${PRODUCT_NAME:rfc1034identifier}";
				PRODUCT_NAME = "$(TARGET_NAME)";
				TEST_HOST = "$(BUNDLE_LOADER)";
				WRAPPER_EXTENSION = xctest;
			};
			name = Release;
		};
/* End XCBuildConfiguration section */

/* Begin XCConfigurationList section */
		6003F585195388D10070C39A /* Build configuration list for PBXProject "CloudBridge" */ = {
			isa = XCConfigurationList;
			buildConfigurations = (
				6003F5BD195388D20070C39A /* Debug */,
				6003F5BE195388D20070C39A /* Release */,
			);
			defaultConfigurationIsVisible = 0;
			defaultConfigurationName = Release;
		};
		6003F5BF195388D20070C39A /* Build configuration list for PBXNativeTarget "CloudBridge" */ = {
			isa = XCConfigurationList;
			buildConfigurations = (
				6003F5C0195388D20070C39A /* Debug */,
				6003F5C1195388D20070C39A /* Release */,
			);
			defaultConfigurationIsVisible = 0;
			defaultConfigurationName = Release;
		};
		6003F5C2195388D20070C39A /* Build configuration list for PBXNativeTarget "Tests" */ = {
			isa = XCConfigurationList;
			buildConfigurations = (
				6003F5C3195388D20070C39A /* Debug */,
				6003F5C4195388D20070C39A /* Release */,
			);
			defaultConfigurationIsVisible = 0;
			defaultConfigurationName = Release;
		};
/* End XCConfigurationList section */

/* Begin XCVersionGroup section */
		A7D1AC521A5552CB00D25D50 /* CBRTestDataStore.xcdatamodeld */ = {
			isa = XCVersionGroup;
			children = (
				A7D1AC531A5552CB00D25D50 /* CBRTestDataStore.xcdatamodel */,
			);
			currentVersion = A7D1AC531A5552CB00D25D50 /* CBRTestDataStore.xcdatamodel */;
			path = CBRTestDataStore.xcdatamodeld;
			sourceTree = "<group>";
			versionGroupType = wrapper.xcdatamodel;
		};
/* End XCVersionGroup section */
	};
	rootObject = 6003F582195388D10070C39A /* Project object */;
}
