// !$*UTF8*$!
{
	archiveVersion = 1;
	classes = {
	};
	objectVersion = 46;
	objects = {

/* Begin PBXBuildFile section */
		5B1ED0BBE01BC5B6572DEF82 /* libPods-Tests.a in Frameworks */ = {isa = PBXBuildFile; fileRef = D5FB358378AAE3D8484FC581 /* libPods-Tests.a */; };
		6003F58E195388D20070C39A /* Foundation.framework in Frameworks */ = {isa = PBXBuildFile; fileRef = 6003F58D195388D20070C39A /* Foundation.framework */; };
		6003F590195388D20070C39A /* CoreGraphics.framework in Frameworks */ = {isa = PBXBuildFile; fileRef = 6003F58F195388D20070C39A /* CoreGraphics.framework */; };
		6003F592195388D20070C39A /* UIKit.framework in Frameworks */ = {isa = PBXBuildFile; fileRef = 6003F591195388D20070C39A /* UIKit.framework */; };
		6003F598195388D20070C39A /* InfoPlist.strings in Resources */ = {isa = PBXBuildFile; fileRef = 6003F596195388D20070C39A /* InfoPlist.strings */; };
		6003F59A195388D20070C39A /* main.m in Sources */ = {isa = PBXBuildFile; fileRef = 6003F599195388D20070C39A /* main.m */; };
		6003F59E195388D20070C39A /* CBRAppDelegate.m in Sources */ = {isa = PBXBuildFile; fileRef = 6003F59D195388D20070C39A /* CBRAppDelegate.m */; };
		6003F5A7195388D20070C39A /* CBRViewController.m in Sources */ = {isa = PBXBuildFile; fileRef = 6003F5A6195388D20070C39A /* CBRViewController.m */; };
		6003F5A9195388D20070C39A /* Images.xcassets in Resources */ = {isa = PBXBuildFile; fileRef = 6003F5A8195388D20070C39A /* Images.xcassets */; };
		6003F5B0195388D20070C39A /* XCTest.framework in Frameworks */ = {isa = PBXBuildFile; fileRef = 6003F5AF195388D20070C39A /* XCTest.framework */; };
		6003F5B1195388D20070C39A /* Foundation.framework in Frameworks */ = {isa = PBXBuildFile; fileRef = 6003F58D195388D20070C39A /* Foundation.framework */; };
		6003F5B2195388D20070C39A /* UIKit.framework in Frameworks */ = {isa = PBXBuildFile; fileRef = 6003F591195388D20070C39A /* UIKit.framework */; };
		6003F5BA195388D20070C39A /* InfoPlist.strings in Resources */ = {isa = PBXBuildFile; fileRef = 6003F5B8195388D20070C39A /* InfoPlist.strings */; };
		A7561C0B1E8947470065654D /* CBRRESTConnection+RealmTests.m in Sources */ = {isa = PBXBuildFile; fileRef = A7561C0A1E8947470065654D /* CBRRESTConnection+RealmTests.m */; };
		A7561C0E1E8947A80065654D /* OCMStubRecorder+Tests.m in Sources */ = {isa = PBXBuildFile; fileRef = A7561C0D1E8947A80065654D /* OCMStubRecorder+Tests.m */; };
		A7561C3A1E8949280065654D /* CBRTestDataStore.m in Sources */ = {isa = PBXBuildFile; fileRef = A7561C111E8949280065654D /* CBRTestDataStore.m */; };
		A7561C3B1E8949280065654D /* JSONEntity1.m in Sources */ = {isa = PBXBuildFile; fileRef = A7561C131E8949280065654D /* JSONEntity1.m */; };
		A7561C3C1E8949280065654D /* OfflineEntity.m in Sources */ = {isa = PBXBuildFile; fileRef = A7561C151E8949280065654D /* OfflineEntity.m */; };
		A7561C3D1E8949280065654D /* OnlyOnlineEntity.m in Sources */ = {isa = PBXBuildFile; fileRef = A7561C171E8949280065654D /* OnlyOnlineEntity.m */; };
		A7561C3E1E8949280065654D /* PrefixedEntitiy.m in Sources */ = {isa = PBXBuildFile; fileRef = A7561C191E8949280065654D /* PrefixedEntitiy.m */; };
		A7561C3F1E8949280065654D /* SLEntity1.m in Sources */ = {isa = PBXBuildFile; fileRef = A7561C1B1E8949280065654D /* SLEntity1.m */; };
		A7561C401E8949280065654D /* SLEntity2.m in Sources */ = {isa = PBXBuildFile; fileRef = A7561C1D1E8949280065654D /* SLEntity2.m */; };
		A7561C411E8949280065654D /* SLEntity3.m in Sources */ = {isa = PBXBuildFile; fileRef = A7561C1F1E8949280065654D /* SLEntity3.m */; };
		A7561C421E8949280065654D /* SLEntity4.m in Sources */ = {isa = PBXBuildFile; fileRef = A7561C211E8949280065654D /* SLEntity4.m */; };
		A7561C431E8949280065654D /* SLEntity4Subclass.m in Sources */ = {isa = PBXBuildFile; fileRef = A7561C231E8949280065654D /* SLEntity4Subclass.m */; };
		A7561C441E8949280065654D /* SLEntity5.m in Sources */ = {isa = PBXBuildFile; fileRef = A7561C251E8949280065654D /* SLEntity5.m */; };
		A7561C451E8949280065654D /* SLEntity5Child1.m in Sources */ = {isa = PBXBuildFile; fileRef = A7561C271E8949280065654D /* SLEntity5Child1.m */; };
		A7561C461E8949280065654D /* SLEntity5Child2.m in Sources */ = {isa = PBXBuildFile; fileRef = A7561C291E8949280065654D /* SLEntity5Child2.m */; };
		A7561C471E8949280065654D /* SLEntity5Child3.m in Sources */ = {isa = PBXBuildFile; fileRef = A7561C2B1E8949280065654D /* SLEntity5Child3.m */; };
		A7561C481E8949280065654D /* SLEntity5Child4.m in Sources */ = {isa = PBXBuildFile; fileRef = A7561C2D1E8949280065654D /* SLEntity5Child4.m */; };
		A7561C491E8949280065654D /* SLEntity5Child5.m in Sources */ = {isa = PBXBuildFile; fileRef = A7561C2F1E8949280065654D /* SLEntity5Child5.m */; };
		A7561C4A1E8949280065654D /* SLEntity5Child6.m in Sources */ = {isa = PBXBuildFile; fileRef = A7561C311E8949280065654D /* SLEntity5Child6.m */; };
		A7561C4B1E8949280065654D /* SLEntity5Subclass.m in Sources */ = {isa = PBXBuildFile; fileRef = A7561C331E8949280065654D /* SLEntity5Subclass.m */; };
		A7561C4C1E8949280065654D /* SLEntity6.m in Sources */ = {isa = PBXBuildFile; fileRef = A7561C351E8949280065654D /* SLEntity6.m */; };
		A7561C4D1E8949280065654D /* SLEntity6Child.m in Sources */ = {isa = PBXBuildFile; fileRef = A7561C371E8949280065654D /* SLEntity6Child.m */; };
		A7561C4E1E8949280065654D /* SLSubclassOfEntity1.m in Sources */ = {isa = PBXBuildFile; fileRef = A7561C391E8949280065654D /* SLSubclassOfEntity1.m */; };
		A7561C521E89495C0065654D /* RLMEntity4.m in Sources */ = {isa = PBXBuildFile; fileRef = A7561C511E89495C0065654D /* RLMEntity4.m */; };
		A7CEDCCF1B0229D20011FA33 /* CBRIdentityPropertyMappingTest.m in Sources */ = {isa = PBXBuildFile; fileRef = A7CEDCCD1B0229D20011FA33 /* CBRIdentityPropertyMappingTest.m */; };
		A7CEDCD01B0229D20011FA33 /* CBRJSONDictionaryTransformerTests.m in Sources */ = {isa = PBXBuildFile; fileRef = A7CEDCCE1B0229D20011FA33 /* CBRJSONDictionaryTransformerTests.m */; };
		A7CEDCFF1B022B2C0011FA33 /* CBRUnderscoredPropertyMappingTests.m in Sources */ = {isa = PBXBuildFile; fileRef = A7CEDCFE1B022B2C0011FA33 /* CBRUnderscoredPropertyMappingTests.m */; };
		A7CEDD011B022B3E0011FA33 /* CBRRESTConnection+CoreDataTests.m in Sources */ = {isa = PBXBuildFile; fileRef = A7CEDD001B022B3E0011FA33 /* CBRRESTConnection+CoreDataTests.m */; };
		A7D1AC3B1A55529E00D25D50 /* CBROfflineCapableCloudBridgeTests.m in Sources */ = {isa = PBXBuildFile; fileRef = A7D1AC371A55529E00D25D50 /* CBROfflineCapableCloudBridgeTests.m */; };
		A7D1AC3C1A55529E00D25D50 /* CBRTestCase.m in Sources */ = {isa = PBXBuildFile; fileRef = A7D1AC391A55529E00D25D50 /* CBRTestCase.m */; };
		A7D1AC4B1A5552B000D25D50 /* CBRTestConnection.m in Sources */ = {isa = PBXBuildFile; fileRef = A7D1AC3E1A5552B000D25D50 /* CBRTestConnection.m */; };
		A7D1AC541A5552CB00D25D50 /* CBRTestDataStore.xcdatamodeld in Sources */ = {isa = PBXBuildFile; fileRef = A7D1AC521A5552CB00D25D50 /* CBRTestDataStore.xcdatamodeld */; };
		A7F817531E896A6C001EDA01 /* RLMEntity6.m in Sources */ = {isa = PBXBuildFile; fileRef = A7F817521E896A6C001EDA01 /* RLMEntity6.m */; };
		A7F817571E897390001EDA01 /* CBRCloudBridge+RealmTests.m in Sources */ = {isa = PBXBuildFile; fileRef = A7F817561E897390001EDA01 /* CBRCloudBridge+RealmTests.m */; };
		A7F817581E897580001EDA01 /* CBRCloudBridge+CoreDataTests.m in Sources */ = {isa = PBXBuildFile; fileRef = A7D1AC361A55529E00D25D50 /* CBRCloudBridge+CoreDataTests.m */; };
		C7AAF75B09793C31DCCD9FE4 /* libPods-iOS-CloudBridge.a in Frameworks */ = {isa = PBXBuildFile; fileRef = 4C56332626E5FCB48AC6AC20 /* libPods-iOS-CloudBridge.a */; };
/* End PBXBuildFile section */

/* Begin PBXContainerItemProxy section */
		6003F5B3195388D20070C39A /* PBXContainerItemProxy */ = {
			isa = PBXContainerItemProxy;
			containerPortal = 6003F582195388D10070C39A /* Project object */;
			proxyType = 1;
			remoteGlobalIDString = 6003F589195388D20070C39A;
			remoteInfo = CloudBridge;
		};
/* End PBXContainerItemProxy section */

/* Begin PBXFileReference section */
		1B7DF1EBB473983AE6EB7EE5 /* Pods-Tests.debug.xcconfig */ = {isa = PBXFileReference; includeInIndex = 1; lastKnownFileType = text.xcconfig; name = "Pods-Tests.debug.xcconfig"; path = "../Pods/Target Support Files/Pods-Tests/Pods-Tests.debug.xcconfig"; sourceTree = "<group>"; };
		2385E0AAB2B17F897725911E /* Pods-tvOS-CloudBridgeTV.debug.xcconfig */ = {isa = PBXFileReference; includeInIndex = 1; lastKnownFileType = text.xcconfig; name = "Pods-tvOS-CloudBridgeTV.debug.xcconfig"; path = "../Pods/Target Support Files/Pods-tvOS-CloudBridgeTV/Pods-tvOS-CloudBridgeTV.debug.xcconfig"; sourceTree = "<group>"; };
		2DE14DC1F7377675EEC3E53E /* LICENSE */ = {isa = PBXFileReference; includeInIndex = 1; lastKnownFileType = text; name = LICENSE; path = ../LICENSE; sourceTree = "<group>"; };
		4515D808F79C89B3893787D8 /* Pods-iOS-CloudBridge.release.xcconfig */ = {isa = PBXFileReference; includeInIndex = 1; lastKnownFileType = text.xcconfig; name = "Pods-iOS-CloudBridge.release.xcconfig"; path = "../Pods/Target Support Files/Pods-iOS-CloudBridge/Pods-iOS-CloudBridge.release.xcconfig"; sourceTree = "<group>"; };
		4673337293DFD4CF0AAE0B1D /* Pods-iOS-CloudBridge.debug.xcconfig */ = {isa = PBXFileReference; includeInIndex = 1; lastKnownFileType = text.xcconfig; name = "Pods-iOS-CloudBridge.debug.xcconfig"; path = "../Pods/Target Support Files/Pods-iOS-CloudBridge/Pods-iOS-CloudBridge.debug.xcconfig"; sourceTree = "<group>"; };
		4C56332626E5FCB48AC6AC20 /* libPods-iOS-CloudBridge.a */ = {isa = PBXFileReference; explicitFileType = archive.ar; includeInIndex = 0; path = "libPods-iOS-CloudBridge.a"; sourceTree = BUILT_PRODUCTS_DIR; };
		4F918352D5685A4FDF9AE9B5 /* Pods-Tests.release.xcconfig */ = {isa = PBXFileReference; includeInIndex = 1; lastKnownFileType = text.xcconfig; name = "Pods-Tests.release.xcconfig"; path = "../Pods/Target Support Files/Pods-Tests/Pods-Tests.release.xcconfig"; sourceTree = "<group>"; };
		6003F58A195388D20070C39A /* CloudBridge.app */ = {isa = PBXFileReference; explicitFileType = wrapper.application; includeInIndex = 0; path = CloudBridge.app; sourceTree = BUILT_PRODUCTS_DIR; };
		6003F58D195388D20070C39A /* Foundation.framework */ = {isa = PBXFileReference; lastKnownFileType = wrapper.framework; name = Foundation.framework; path = System/Library/Frameworks/Foundation.framework; sourceTree = SDKROOT; };
		6003F58F195388D20070C39A /* CoreGraphics.framework */ = {isa = PBXFileReference; lastKnownFileType = wrapper.framework; name = CoreGraphics.framework; path = System/Library/Frameworks/CoreGraphics.framework; sourceTree = SDKROOT; };
		6003F591195388D20070C39A /* UIKit.framework */ = {isa = PBXFileReference; lastKnownFileType = wrapper.framework; name = UIKit.framework; path = System/Library/Frameworks/UIKit.framework; sourceTree = SDKROOT; };
		6003F595195388D20070C39A /* CloudBridge-Info.plist */ = {isa = PBXFileReference; lastKnownFileType = text.plist.xml; path = "CloudBridge-Info.plist"; sourceTree = "<group>"; };
		6003F597195388D20070C39A /* en */ = {isa = PBXFileReference; lastKnownFileType = text.plist.strings; name = en; path = en.lproj/InfoPlist.strings; sourceTree = "<group>"; };
		6003F599195388D20070C39A /* main.m */ = {isa = PBXFileReference; lastKnownFileType = sourcecode.c.objc; path = main.m; sourceTree = "<group>"; };
		6003F59B195388D20070C39A /* CloudBridge-Prefix.pch */ = {isa = PBXFileReference; lastKnownFileType = sourcecode.c.h; path = "CloudBridge-Prefix.pch"; sourceTree = "<group>"; };
		6003F59C195388D20070C39A /* CBRAppDelegate.h */ = {isa = PBXFileReference; lastKnownFileType = sourcecode.c.h; path = CBRAppDelegate.h; sourceTree = "<group>"; };
		6003F59D195388D20070C39A /* CBRAppDelegate.m */ = {isa = PBXFileReference; lastKnownFileType = sourcecode.c.objc; path = CBRAppDelegate.m; sourceTree = "<group>"; };
		6003F5A5195388D20070C39A /* CBRViewController.h */ = {isa = PBXFileReference; lastKnownFileType = sourcecode.c.h; path = CBRViewController.h; sourceTree = "<group>"; };
		6003F5A6195388D20070C39A /* CBRViewController.m */ = {isa = PBXFileReference; lastKnownFileType = sourcecode.c.objc; path = CBRViewController.m; sourceTree = "<group>"; };
		6003F5A8195388D20070C39A /* Images.xcassets */ = {isa = PBXFileReference; lastKnownFileType = folder.assetcatalog; path = Images.xcassets; sourceTree = "<group>"; };
		6003F5AE195388D20070C39A /* Tests.xctest */ = {isa = PBXFileReference; explicitFileType = wrapper.cfbundle; includeInIndex = 0; path = Tests.xctest; sourceTree = BUILT_PRODUCTS_DIR; };
		6003F5AF195388D20070C39A /* XCTest.framework */ = {isa = PBXFileReference; lastKnownFileType = wrapper.framework; name = XCTest.framework; path = Library/Frameworks/XCTest.framework; sourceTree = DEVELOPER_DIR; };
		6003F5B7195388D20070C39A /* Tests-Info.plist */ = {isa = PBXFileReference; lastKnownFileType = text.plist.xml; path = "Tests-Info.plist"; sourceTree = "<group>"; };
		6003F5B9195388D20070C39A /* en */ = {isa = PBXFileReference; lastKnownFileType = text.plist.strings; name = en; path = en.lproj/InfoPlist.strings; sourceTree = "<group>"; };
		606FC2411953D9B200FFA9A0 /* Tests-Prefix.pch */ = {isa = PBXFileReference; lastKnownFileType = sourcecode.c.h; path = "Tests-Prefix.pch"; sourceTree = "<group>"; };
		773FA18944A4C73A2C3772F3 /* libPods-tvOS-CloudBridgeTV.a */ = {isa = PBXFileReference; explicitFileType = archive.ar; includeInIndex = 0; path = "libPods-tvOS-CloudBridgeTV.a"; sourceTree = BUILT_PRODUCTS_DIR; };
		8FB2AC50918F3490E1C5BF02 /* README.md */ = {isa = PBXFileReference; includeInIndex = 1; lastKnownFileType = net.daringfireball.markdown; name = README.md; path = ../README.md; sourceTree = "<group>"; };
		A7561C0A1E8947470065654D /* CBRRESTConnection+RealmTests.m */ = {isa = PBXFileReference; fileEncoding = 4; lastKnownFileType = sourcecode.c.objc; path = "CBRRESTConnection+RealmTests.m"; sourceTree = "<group>"; };
		A7561C0C1E8947A80065654D /* OCMStubRecorder+Tests.h */ = {isa = PBXFileReference; fileEncoding = 4; lastKnownFileType = sourcecode.c.h; path = "OCMStubRecorder+Tests.h"; sourceTree = "<group>"; };
		A7561C0D1E8947A80065654D /* OCMStubRecorder+Tests.m */ = {isa = PBXFileReference; fileEncoding = 4; lastKnownFileType = sourcecode.c.objc; path = "OCMStubRecorder+Tests.m"; sourceTree = "<group>"; };
		A7561C101E8949280065654D /* CBRTestDataStore.h */ = {isa = PBXFileReference; fileEncoding = 4; lastKnownFileType = sourcecode.c.h; path = CBRTestDataStore.h; sourceTree = "<group>"; };
		A7561C111E8949280065654D /* CBRTestDataStore.m */ = {isa = PBXFileReference; fileEncoding = 4; lastKnownFileType = sourcecode.c.objc; path = CBRTestDataStore.m; sourceTree = "<group>"; };
		A7561C121E8949280065654D /* JSONEntity1.h */ = {isa = PBXFileReference; fileEncoding = 4; lastKnownFileType = sourcecode.c.h; path = JSONEntity1.h; sourceTree = "<group>"; };
		A7561C131E8949280065654D /* JSONEntity1.m */ = {isa = PBXFileReference; fileEncoding = 4; lastKnownFileType = sourcecode.c.objc; path = JSONEntity1.m; sourceTree = "<group>"; };
		A7561C141E8949280065654D /* OfflineEntity.h */ = {isa = PBXFileReference; fileEncoding = 4; lastKnownFileType = sourcecode.c.h; path = OfflineEntity.h; sourceTree = "<group>"; };
		A7561C151E8949280065654D /* OfflineEntity.m */ = {isa = PBXFileReference; fileEncoding = 4; lastKnownFileType = sourcecode.c.objc; path = OfflineEntity.m; sourceTree = "<group>"; };
		A7561C161E8949280065654D /* OnlyOnlineEntity.h */ = {isa = PBXFileReference; fileEncoding = 4; lastKnownFileType = sourcecode.c.h; path = OnlyOnlineEntity.h; sourceTree = "<group>"; };
		A7561C171E8949280065654D /* OnlyOnlineEntity.m */ = {isa = PBXFileReference; fileEncoding = 4; lastKnownFileType = sourcecode.c.objc; path = OnlyOnlineEntity.m; sourceTree = "<group>"; };
		A7561C181E8949280065654D /* PrefixedEntitiy.h */ = {isa = PBXFileReference; fileEncoding = 4; lastKnownFileType = sourcecode.c.h; path = PrefixedEntitiy.h; sourceTree = "<group>"; };
		A7561C191E8949280065654D /* PrefixedEntitiy.m */ = {isa = PBXFileReference; fileEncoding = 4; lastKnownFileType = sourcecode.c.objc; path = PrefixedEntitiy.m; sourceTree = "<group>"; };
		A7561C1A1E8949280065654D /* SLEntity1.h */ = {isa = PBXFileReference; fileEncoding = 4; lastKnownFileType = sourcecode.c.h; path = SLEntity1.h; sourceTree = "<group>"; };
		A7561C1B1E8949280065654D /* SLEntity1.m */ = {isa = PBXFileReference; fileEncoding = 4; lastKnownFileType = sourcecode.c.objc; path = SLEntity1.m; sourceTree = "<group>"; };
		A7561C1C1E8949280065654D /* SLEntity2.h */ = {isa = PBXFileReference; fileEncoding = 4; lastKnownFileType = sourcecode.c.h; path = SLEntity2.h; sourceTree = "<group>"; };
		A7561C1D1E8949280065654D /* SLEntity2.m */ = {isa = PBXFileReference; fileEncoding = 4; lastKnownFileType = sourcecode.c.objc; path = SLEntity2.m; sourceTree = "<group>"; };
		A7561C1E1E8949280065654D /* SLEntity3.h */ = {isa = PBXFileReference; fileEncoding = 4; lastKnownFileType = sourcecode.c.h; path = SLEntity3.h; sourceTree = "<group>"; };
		A7561C1F1E8949280065654D /* SLEntity3.m */ = {isa = PBXFileReference; fileEncoding = 4; lastKnownFileType = sourcecode.c.objc; path = SLEntity3.m; sourceTree = "<group>"; };
		A7561C201E8949280065654D /* SLEntity4.h */ = {isa = PBXFileReference; fileEncoding = 4; lastKnownFileType = sourcecode.c.h; path = SLEntity4.h; sourceTree = "<group>"; };
		A7561C211E8949280065654D /* SLEntity4.m */ = {isa = PBXFileReference; fileEncoding = 4; lastKnownFileType = sourcecode.c.objc; path = SLEntity4.m; sourceTree = "<group>"; };
		A7561C221E8949280065654D /* SLEntity4Subclass.h */ = {isa = PBXFileReference; fileEncoding = 4; lastKnownFileType = sourcecode.c.h; path = SLEntity4Subclass.h; sourceTree = "<group>"; };
		A7561C231E8949280065654D /* SLEntity4Subclass.m */ = {isa = PBXFileReference; fileEncoding = 4; lastKnownFileType = sourcecode.c.objc; path = SLEntity4Subclass.m; sourceTree = "<group>"; };
		A7561C241E8949280065654D /* SLEntity5.h */ = {isa = PBXFileReference; fileEncoding = 4; lastKnownFileType = sourcecode.c.h; path = SLEntity5.h; sourceTree = "<group>"; };
		A7561C251E8949280065654D /* SLEntity5.m */ = {isa = PBXFileReference; fileEncoding = 4; lastKnownFileType = sourcecode.c.objc; path = SLEntity5.m; sourceTree = "<group>"; };
		A7561C261E8949280065654D /* SLEntity5Child1.h */ = {isa = PBXFileReference; fileEncoding = 4; lastKnownFileType = sourcecode.c.h; path = SLEntity5Child1.h; sourceTree = "<group>"; };
		A7561C271E8949280065654D /* SLEntity5Child1.m */ = {isa = PBXFileReference; fileEncoding = 4; lastKnownFileType = sourcecode.c.objc; path = SLEntity5Child1.m; sourceTree = "<group>"; };
		A7561C281E8949280065654D /* SLEntity5Child2.h */ = {isa = PBXFileReference; fileEncoding = 4; lastKnownFileType = sourcecode.c.h; path = SLEntity5Child2.h; sourceTree = "<group>"; };
		A7561C291E8949280065654D /* SLEntity5Child2.m */ = {isa = PBXFileReference; fileEncoding = 4; lastKnownFileType = sourcecode.c.objc; path = SLEntity5Child2.m; sourceTree = "<group>"; };
		A7561C2A1E8949280065654D /* SLEntity5Child3.h */ = {isa = PBXFileReference; fileEncoding = 4; lastKnownFileType = sourcecode.c.h; path = SLEntity5Child3.h; sourceTree = "<group>"; };
		A7561C2B1E8949280065654D /* SLEntity5Child3.m */ = {isa = PBXFileReference; fileEncoding = 4; lastKnownFileType = sourcecode.c.objc; path = SLEntity5Child3.m; sourceTree = "<group>"; };
		A7561C2C1E8949280065654D /* SLEntity5Child4.h */ = {isa = PBXFileReference; fileEncoding = 4; lastKnownFileType = sourcecode.c.h; path = SLEntity5Child4.h; sourceTree = "<group>"; };
		A7561C2D1E8949280065654D /* SLEntity5Child4.m */ = {isa = PBXFileReference; fileEncoding = 4; lastKnownFileType = sourcecode.c.objc; path = SLEntity5Child4.m; sourceTree = "<group>"; };
		A7561C2E1E8949280065654D /* SLEntity5Child5.h */ = {isa = PBXFileReference; fileEncoding = 4; lastKnownFileType = sourcecode.c.h; path = SLEntity5Child5.h; sourceTree = "<group>"; };
		A7561C2F1E8949280065654D /* SLEntity5Child5.m */ = {isa = PBXFileReference; fileEncoding = 4; lastKnownFileType = sourcecode.c.objc; path = SLEntity5Child5.m; sourceTree = "<group>"; };
		A7561C301E8949280065654D /* SLEntity5Child6.h */ = {isa = PBXFileReference; fileEncoding = 4; lastKnownFileType = sourcecode.c.h; path = SLEntity5Child6.h; sourceTree = "<group>"; };
		A7561C311E8949280065654D /* SLEntity5Child6.m */ = {isa = PBXFileReference; fileEncoding = 4; lastKnownFileType = sourcecode.c.objc; path = SLEntity5Child6.m; sourceTree = "<group>"; };
		A7561C321E8949280065654D /* SLEntity5Subclass.h */ = {isa = PBXFileReference; fileEncoding = 4; lastKnownFileType = sourcecode.c.h; path = SLEntity5Subclass.h; sourceTree = "<group>"; };
		A7561C331E8949280065654D /* SLEntity5Subclass.m */ = {isa = PBXFileReference; fileEncoding = 4; lastKnownFileType = sourcecode.c.objc; path = SLEntity5Subclass.m; sourceTree = "<group>"; };
		A7561C341E8949280065654D /* SLEntity6.h */ = {isa = PBXFileReference; fileEncoding = 4; lastKnownFileType = sourcecode.c.h; path = SLEntity6.h; sourceTree = "<group>"; };
		A7561C351E8949280065654D /* SLEntity6.m */ = {isa = PBXFileReference; fileEncoding = 4; lastKnownFileType = sourcecode.c.objc; path = SLEntity6.m; sourceTree = "<group>"; };
		A7561C361E8949280065654D /* SLEntity6Child.h */ = {isa = PBXFileReference; fileEncoding = 4; lastKnownFileType = sourcecode.c.h; path = SLEntity6Child.h; sourceTree = "<group>"; };
		A7561C371E8949280065654D /* SLEntity6Child.m */ = {isa = PBXFileReference; fileEncoding = 4; lastKnownFileType = sourcecode.c.objc; path = SLEntity6Child.m; sourceTree = "<group>"; };
		A7561C381E8949280065654D /* SLSubclassOfEntity1.h */ = {isa = PBXFileReference; fileEncoding = 4; lastKnownFileType = sourcecode.c.h; path = SLSubclassOfEntity1.h; sourceTree = "<group>"; };
		A7561C391E8949280065654D /* SLSubclassOfEntity1.m */ = {isa = PBXFileReference; fileEncoding = 4; lastKnownFileType = sourcecode.c.objc; path = SLSubclassOfEntity1.m; sourceTree = "<group>"; };
		A7561C501E89495C0065654D /* RLMEntity4.h */ = {isa = PBXFileReference; fileEncoding = 4; lastKnownFileType = sourcecode.c.h; path = RLMEntity4.h; sourceTree = "<group>"; };
		A7561C511E89495C0065654D /* RLMEntity4.m */ = {isa = PBXFileReference; fileEncoding = 4; lastKnownFileType = sourcecode.c.objc; path = RLMEntity4.m; sourceTree = "<group>"; };
		A7C532A21E8BABF40007B882 /* main.m */ = {isa = PBXFileReference; lastKnownFileType = sourcecode.c.objc; path = main.m; sourceTree = "<group>"; };
		A7C532A41E8BABF40007B882 /* AppDelegate.h */ = {isa = PBXFileReference; lastKnownFileType = sourcecode.c.h; path = AppDelegate.h; sourceTree = "<group>"; };
		A7C532A51E8BABF40007B882 /* AppDelegate.m */ = {isa = PBXFileReference; lastKnownFileType = sourcecode.c.objc; path = AppDelegate.m; sourceTree = "<group>"; };
		A7C532A71E8BABF40007B882 /* ViewController.h */ = {isa = PBXFileReference; lastKnownFileType = sourcecode.c.h; path = ViewController.h; sourceTree = "<group>"; };
		A7C532A81E8BABF40007B882 /* ViewController.m */ = {isa = PBXFileReference; lastKnownFileType = sourcecode.c.objc; path = ViewController.m; sourceTree = "<group>"; };
		A7C532AB1E8BABF40007B882 /* Base */ = {isa = PBXFileReference; lastKnownFileType = file.storyboard; name = Base; path = Base.lproj/Main.storyboard; sourceTree = "<group>"; };
		A7C532AD1E8BABF40007B882 /* Assets.xcassets */ = {isa = PBXFileReference; lastKnownFileType = folder.assetcatalog; path = Assets.xcassets; sourceTree = "<group>"; };
		A7C532AF1E8BABF40007B882 /* Info.plist */ = {isa = PBXFileReference; lastKnownFileType = text.plist.xml; path = Info.plist; sourceTree = "<group>"; };
		A7CEDCCD1B0229D20011FA33 /* CBRIdentityPropertyMappingTest.m */ = {isa = PBXFileReference; fileEncoding = 4; lastKnownFileType = sourcecode.c.objc; path = CBRIdentityPropertyMappingTest.m; sourceTree = "<group>"; };
		A7CEDCCE1B0229D20011FA33 /* CBRJSONDictionaryTransformerTests.m */ = {isa = PBXFileReference; fileEncoding = 4; lastKnownFileType = sourcecode.c.objc; path = CBRJSONDictionaryTransformerTests.m; sourceTree = "<group>"; };
		A7CEDCFE1B022B2C0011FA33 /* CBRUnderscoredPropertyMappingTests.m */ = {isa = PBXFileReference; fileEncoding = 4; lastKnownFileType = sourcecode.c.objc; path = CBRUnderscoredPropertyMappingTests.m; sourceTree = "<group>"; };
		A7CEDD001B022B3E0011FA33 /* CBRRESTConnection+CoreDataTests.m */ = {isa = PBXFileReference; fileEncoding = 4; lastKnownFileType = sourcecode.c.objc; path = "CBRRESTConnection+CoreDataTests.m"; sourceTree = "<group>"; };
		A7D1AC361A55529E00D25D50 /* CBRCloudBridge+CoreDataTests.m */ = {isa = PBXFileReference; fileEncoding = 4; lastKnownFileType = sourcecode.c.objc; path = "CBRCloudBridge+CoreDataTests.m"; sourceTree = "<group>"; };
		A7D1AC371A55529E00D25D50 /* CBROfflineCapableCloudBridgeTests.m */ = {isa = PBXFileReference; fileEncoding = 4; lastKnownFileType = sourcecode.c.objc; path = CBROfflineCapableCloudBridgeTests.m; sourceTree = "<group>"; };
		A7D1AC381A55529E00D25D50 /* CBRTestCase.h */ = {isa = PBXFileReference; fileEncoding = 4; lastKnownFileType = sourcecode.c.h; path = CBRTestCase.h; sourceTree = "<group>"; };
		A7D1AC391A55529E00D25D50 /* CBRTestCase.m */ = {isa = PBXFileReference; fileEncoding = 4; lastKnownFileType = sourcecode.c.objc; path = CBRTestCase.m; sourceTree = "<group>"; };
		A7D1AC3D1A5552B000D25D50 /* CBRTestConnection.h */ = {isa = PBXFileReference; fileEncoding = 4; lastKnownFileType = sourcecode.c.h; path = CBRTestConnection.h; sourceTree = "<group>"; };
		A7D1AC3E1A5552B000D25D50 /* CBRTestConnection.m */ = {isa = PBXFileReference; fileEncoding = 4; lastKnownFileType = sourcecode.c.objc; path = CBRTestConnection.m; sourceTree = "<group>"; };
		A7D1AC531A5552CB00D25D50 /* CBRTestDataStore.xcdatamodel */ = {isa = PBXFileReference; lastKnownFileType = wrapper.xcdatamodel; path = CBRTestDataStore.xcdatamodel; sourceTree = "<group>"; };
		A7F817511E896A6C001EDA01 /* RLMEntity6.h */ = {isa = PBXFileReference; fileEncoding = 4; lastKnownFileType = sourcecode.c.h; path = RLMEntity6.h; sourceTree = "<group>"; };
		A7F817521E896A6C001EDA01 /* RLMEntity6.m */ = {isa = PBXFileReference; fileEncoding = 4; lastKnownFileType = sourcecode.c.objc; path = RLMEntity6.m; sourceTree = "<group>"; };
		A7F817561E897390001EDA01 /* CBRCloudBridge+RealmTests.m */ = {isa = PBXFileReference; fileEncoding = 4; lastKnownFileType = sourcecode.c.objc; path = "CBRCloudBridge+RealmTests.m"; sourceTree = "<group>"; };
		D5FB358378AAE3D8484FC581 /* libPods-Tests.a */ = {isa = PBXFileReference; explicitFileType = archive.ar; includeInIndex = 0; path = "libPods-Tests.a"; sourceTree = BUILT_PRODUCTS_DIR; };
		F6B5409ED320939F22765006 /* CloudBridge.podspec */ = {isa = PBXFileReference; includeInIndex = 1; lastKnownFileType = text; name = CloudBridge.podspec; path = ../CloudBridge.podspec; sourceTree = "<group>"; };
		F88C019D5B0F69C1E89568BA /* Pods-tvOS-CloudBridgeTV.release.xcconfig */ = {isa = PBXFileReference; includeInIndex = 1; lastKnownFileType = text.xcconfig; name = "Pods-tvOS-CloudBridgeTV.release.xcconfig"; path = "../Pods/Target Support Files/Pods-tvOS-CloudBridgeTV/Pods-tvOS-CloudBridgeTV.release.xcconfig"; sourceTree = "<group>"; };
/* End PBXFileReference section */

/* Begin PBXFrameworksBuildPhase section */
		6003F587195388D20070C39A /* Frameworks */ = {
			isa = PBXFrameworksBuildPhase;
			buildActionMask = 2147483647;
			files = (
				6003F590195388D20070C39A /* CoreGraphics.framework in Frameworks */,
				6003F592195388D20070C39A /* UIKit.framework in Frameworks */,
				6003F58E195388D20070C39A /* Foundation.framework in Frameworks */,
				C7AAF75B09793C31DCCD9FE4 /* libPods-iOS-CloudBridge.a in Frameworks */,
			);
			runOnlyForDeploymentPostprocessing = 0;
		};
		6003F5AB195388D20070C39A /* Frameworks */ = {
			isa = PBXFrameworksBuildPhase;
			buildActionMask = 2147483647;
			files = (
				6003F5B0195388D20070C39A /* XCTest.framework in Frameworks */,
				6003F5B2195388D20070C39A /* UIKit.framework in Frameworks */,
				6003F5B1195388D20070C39A /* Foundation.framework in Frameworks */,
				5B1ED0BBE01BC5B6572DEF82 /* libPods-Tests.a in Frameworks */,
			);
			runOnlyForDeploymentPostprocessing = 0;
		};
/* End PBXFrameworksBuildPhase section */

/* Begin PBXGroup section */
		6003F581195388D10070C39A = {
			isa = PBXGroup;
			children = (
				60FF7A9C1954A5C5007DD14C /* Podspec Metadata */,
				6003F593195388D20070C39A /* CloudBridge */,
				6003F5B5195388D20070C39A /* Tests */,
				A7C532A01E8BABF40007B882 /* CloudBridgeTV */,
				6003F58C195388D20070C39A /* Frameworks */,
				6003F58B195388D20070C39A /* Products */,
				C825E37983CEBD76D38D3EE5 /* Pods */,
			);
			sourceTree = "<group>";
		};
		6003F58B195388D20070C39A /* Products */ = {
			isa = PBXGroup;
			children = (
				6003F58A195388D20070C39A /* CloudBridge.app */,
				6003F5AE195388D20070C39A /* Tests.xctest */,
			);
			name = Products;
			sourceTree = "<group>";
		};
		6003F58C195388D20070C39A /* Frameworks */ = {
			isa = PBXGroup;
			children = (
				6003F58D195388D20070C39A /* Foundation.framework */,
				6003F58F195388D20070C39A /* CoreGraphics.framework */,
				6003F591195388D20070C39A /* UIKit.framework */,
				6003F5AF195388D20070C39A /* XCTest.framework */,
				D5FB358378AAE3D8484FC581 /* libPods-Tests.a */,
				4C56332626E5FCB48AC6AC20 /* libPods-iOS-CloudBridge.a */,
				773FA18944A4C73A2C3772F3 /* libPods-tvOS-CloudBridgeTV.a */,
			);
			name = Frameworks;
			sourceTree = "<group>";
		};
		6003F593195388D20070C39A /* CloudBridge */ = {
			isa = PBXGroup;
			children = (
				6003F59C195388D20070C39A /* CBRAppDelegate.h */,
				6003F59D195388D20070C39A /* CBRAppDelegate.m */,
				6003F5A5195388D20070C39A /* CBRViewController.h */,
				6003F5A6195388D20070C39A /* CBRViewController.m */,
				6003F5A8195388D20070C39A /* Images.xcassets */,
				6003F594195388D20070C39A /* Supporting Files */,
			);
			path = CloudBridge;
			sourceTree = "<group>";
		};
		6003F594195388D20070C39A /* Supporting Files */ = {
			isa = PBXGroup;
			children = (
				6003F595195388D20070C39A /* CloudBridge-Info.plist */,
				6003F596195388D20070C39A /* InfoPlist.strings */,
				6003F599195388D20070C39A /* main.m */,
				6003F59B195388D20070C39A /* CloudBridge-Prefix.pch */,
			);
			name = "Supporting Files";
			sourceTree = "<group>";
		};
		6003F5B5195388D20070C39A /* Tests */ = {
			isa = PBXGroup;
			children = (
				A7CEDD001B022B3E0011FA33 /* CBRRESTConnection+CoreDataTests.m */,
				A7561C0A1E8947470065654D /* CBRRESTConnection+RealmTests.m */,
				A7CEDCFE1B022B2C0011FA33 /* CBRUnderscoredPropertyMappingTests.m */,
				A7CEDCCD1B0229D20011FA33 /* CBRIdentityPropertyMappingTest.m */,
				A7CEDCCE1B0229D20011FA33 /* CBRJSONDictionaryTransformerTests.m */,
				A7D1AC361A55529E00D25D50 /* CBRCloudBridge+CoreDataTests.m */,
				A7F817561E897390001EDA01 /* CBRCloudBridge+RealmTests.m */,
				A7D1AC371A55529E00D25D50 /* CBROfflineCapableCloudBridgeTests.m */,
				A7D1AC381A55529E00D25D50 /* CBRTestCase.h */,
				A7D1AC391A55529E00D25D50 /* CBRTestCase.m */,
				A7561C4F1E8949500065654D /* Realm */,
				A7561C0F1E8949280065654D /* CoreData */,
				6003F5B6195388D20070C39A /* Supporting Files */,
			);
			path = Tests;
			sourceTree = "<group>";
		};
		6003F5B6195388D20070C39A /* Supporting Files */ = {
			isa = PBXGroup;
			children = (
				A7D1AC521A5552CB00D25D50 /* CBRTestDataStore.xcdatamodeld */,
				A7D1AC3D1A5552B000D25D50 /* CBRTestConnection.h */,
				A7D1AC3E1A5552B000D25D50 /* CBRTestConnection.m */,
				6003F5B7195388D20070C39A /* Tests-Info.plist */,
				6003F5B8195388D20070C39A /* InfoPlist.strings */,
				606FC2411953D9B200FFA9A0 /* Tests-Prefix.pch */,
				A7561C0C1E8947A80065654D /* OCMStubRecorder+Tests.h */,
				A7561C0D1E8947A80065654D /* OCMStubRecorder+Tests.m */,
			);
			name = "Supporting Files";
			sourceTree = "<group>";
		};
		60FF7A9C1954A5C5007DD14C /* Podspec Metadata */ = {
			isa = PBXGroup;
			children = (
				F6B5409ED320939F22765006 /* CloudBridge.podspec */,
				8FB2AC50918F3490E1C5BF02 /* README.md */,
				2DE14DC1F7377675EEC3E53E /* LICENSE */,
			);
			name = "Podspec Metadata";
			sourceTree = "<group>";
		};
		A7561C0F1E8949280065654D /* CoreData */ = {
			isa = PBXGroup;
			children = (
				A7561C101E8949280065654D /* CBRTestDataStore.h */,
				A7561C111E8949280065654D /* CBRTestDataStore.m */,
				A7561C121E8949280065654D /* JSONEntity1.h */,
				A7561C131E8949280065654D /* JSONEntity1.m */,
				A7561C141E8949280065654D /* OfflineEntity.h */,
				A7561C151E8949280065654D /* OfflineEntity.m */,
				A7561C161E8949280065654D /* OnlyOnlineEntity.h */,
				A7561C171E8949280065654D /* OnlyOnlineEntity.m */,
				A7561C181E8949280065654D /* PrefixedEntitiy.h */,
				A7561C191E8949280065654D /* PrefixedEntitiy.m */,
				A7561C1A1E8949280065654D /* SLEntity1.h */,
				A7561C1B1E8949280065654D /* SLEntity1.m */,
				A7561C1C1E8949280065654D /* SLEntity2.h */,
				A7561C1D1E8949280065654D /* SLEntity2.m */,
				A7561C1E1E8949280065654D /* SLEntity3.h */,
				A7561C1F1E8949280065654D /* SLEntity3.m */,
				A7561C201E8949280065654D /* SLEntity4.h */,
				A7561C211E8949280065654D /* SLEntity4.m */,
				A7561C221E8949280065654D /* SLEntity4Subclass.h */,
				A7561C231E8949280065654D /* SLEntity4Subclass.m */,
				A7561C241E8949280065654D /* SLEntity5.h */,
				A7561C251E8949280065654D /* SLEntity5.m */,
				A7561C261E8949280065654D /* SLEntity5Child1.h */,
				A7561C271E8949280065654D /* SLEntity5Child1.m */,
				A7561C281E8949280065654D /* SLEntity5Child2.h */,
				A7561C291E8949280065654D /* SLEntity5Child2.m */,
				A7561C2A1E8949280065654D /* SLEntity5Child3.h */,
				A7561C2B1E8949280065654D /* SLEntity5Child3.m */,
				A7561C2C1E8949280065654D /* SLEntity5Child4.h */,
				A7561C2D1E8949280065654D /* SLEntity5Child4.m */,
				A7561C2E1E8949280065654D /* SLEntity5Child5.h */,
				A7561C2F1E8949280065654D /* SLEntity5Child5.m */,
				A7561C301E8949280065654D /* SLEntity5Child6.h */,
				A7561C311E8949280065654D /* SLEntity5Child6.m */,
				A7561C321E8949280065654D /* SLEntity5Subclass.h */,
				A7561C331E8949280065654D /* SLEntity5Subclass.m */,
				A7561C341E8949280065654D /* SLEntity6.h */,
				A7561C351E8949280065654D /* SLEntity6.m */,
				A7561C361E8949280065654D /* SLEntity6Child.h */,
				A7561C371E8949280065654D /* SLEntity6Child.m */,
				A7561C381E8949280065654D /* SLSubclassOfEntity1.h */,
				A7561C391E8949280065654D /* SLSubclassOfEntity1.m */,
			);
			path = CoreData;
			sourceTree = "<group>";
		};
		A7561C4F1E8949500065654D /* Realm */ = {
			isa = PBXGroup;
			children = (
				A7561C501E89495C0065654D /* RLMEntity4.h */,
				A7561C511E89495C0065654D /* RLMEntity4.m */,
				A7F817511E896A6C001EDA01 /* RLMEntity6.h */,
				A7F817521E896A6C001EDA01 /* RLMEntity6.m */,
			);
			path = Realm;
			sourceTree = "<group>";
		};
		A7C532A01E8BABF40007B882 /* CloudBridgeTV */ = {
			isa = PBXGroup;
			children = (
				A7C532A41E8BABF40007B882 /* AppDelegate.h */,
				A7C532A51E8BABF40007B882 /* AppDelegate.m */,
				A7C532A71E8BABF40007B882 /* ViewController.h */,
				A7C532A81E8BABF40007B882 /* ViewController.m */,
				A7C532AA1E8BABF40007B882 /* Main.storyboard */,
				A7C532AD1E8BABF40007B882 /* Assets.xcassets */,
				A7C532AF1E8BABF40007B882 /* Info.plist */,
				A7C532A11E8BABF40007B882 /* Supporting Files */,
			);
			path = CloudBridgeTV;
			sourceTree = "<group>";
		};
		A7C532A11E8BABF40007B882 /* Supporting Files */ = {
			isa = PBXGroup;
			children = (
				A7C532A21E8BABF40007B882 /* main.m */,
			);
			name = "Supporting Files";
			sourceTree = "<group>";
		};
		C825E37983CEBD76D38D3EE5 /* Pods */ = {
			isa = PBXGroup;
			children = (
				1B7DF1EBB473983AE6EB7EE5 /* Pods-Tests.debug.xcconfig */,
				4F918352D5685A4FDF9AE9B5 /* Pods-Tests.release.xcconfig */,
				4673337293DFD4CF0AAE0B1D /* Pods-iOS-CloudBridge.debug.xcconfig */,
				4515D808F79C89B3893787D8 /* Pods-iOS-CloudBridge.release.xcconfig */,
				2385E0AAB2B17F897725911E /* Pods-tvOS-CloudBridgeTV.debug.xcconfig */,
				F88C019D5B0F69C1E89568BA /* Pods-tvOS-CloudBridgeTV.release.xcconfig */,
			);
			name = Pods;
			sourceTree = "<group>";
		};
/* End PBXGroup section */

/* Begin PBXNativeTarget section */
		6003F589195388D20070C39A /* CloudBridge */ = {
			isa = PBXNativeTarget;
			buildConfigurationList = 6003F5BF195388D20070C39A /* Build configuration list for PBXNativeTarget "CloudBridge" */;
			buildPhases = (
				8A3CE2F4D3963F4757281952 /* [CP] Check Pods Manifest.lock */,
				6003F586195388D20070C39A /* Sources */,
				6003F587195388D20070C39A /* Frameworks */,
				6003F588195388D20070C39A /* Resources */,
				5E03F0F4355CCC78AA14248F /* [CP] Embed Pods Frameworks */,
				511FBE3E3184CA7DB327F5E7 /* [CP] Copy Pods Resources */,
			);
			buildRules = (
			);
			dependencies = (
			);
			name = CloudBridge;
			productName = CloudBridge;
			productReference = 6003F58A195388D20070C39A /* CloudBridge.app */;
			productType = "com.apple.product-type.application";
		};
		6003F5AD195388D20070C39A /* Tests */ = {
			isa = PBXNativeTarget;
			buildConfigurationList = 6003F5C2195388D20070C39A /* Build configuration list for PBXNativeTarget "Tests" */;
			buildPhases = (
				B0284D1EAF611CAABC3F7828 /* [CP] Check Pods Manifest.lock */,
				6003F5AA195388D20070C39A /* Sources */,
				6003F5AB195388D20070C39A /* Frameworks */,
				6003F5AC195388D20070C39A /* Resources */,
				BF467B0F3AD6F24817FDACF2 /* [CP] Embed Pods Frameworks */,
				4DC2460CABE79065B1BFD3BA /* [CP] Copy Pods Resources */,
			);
			buildRules = (
			);
			dependencies = (
				6003F5B4195388D20070C39A /* PBXTargetDependency */,
			);
			name = Tests;
			productName = CloudBridgeTests;
			productReference = 6003F5AE195388D20070C39A /* Tests.xctest */;
			productType = "com.apple.product-type.bundle.unit-test";
		};
/* End PBXNativeTarget section */

/* Begin PBXProject section */
		6003F582195388D10070C39A /* Project object */ = {
			isa = PBXProject;
			attributes = {
				CLASSPREFIX = CBR;
				LastUpgradeCheck = 0910;
				ORGANIZATIONNAME = "Oliver Letterer";
				TargetAttributes = {
					6003F589195388D20070C39A = {
						DevelopmentTeam = 2JBBR5F9KT;
					};
					6003F5AD195388D20070C39A = {
						TestTargetID = 6003F589195388D20070C39A;
					};
				};
			};
			buildConfigurationList = 6003F585195388D10070C39A /* Build configuration list for PBXProject "CloudBridge" */;
			compatibilityVersion = "Xcode 3.2";
			developmentRegion = English;
			hasScannedForEncodings = 0;
			knownRegions = (
				en,
				Base,
			);
			mainGroup = 6003F581195388D10070C39A;
			productRefGroup = 6003F58B195388D20070C39A /* Products */;
			projectDirPath = "";
			projectRoot = "";
			targets = (
				6003F589195388D20070C39A /* CloudBridge */,
				6003F5AD195388D20070C39A /* Tests */,
			);
		};
/* End PBXProject section */

/* Begin PBXResourcesBuildPhase section */
		6003F588195388D20070C39A /* Resources */ = {
			isa = PBXResourcesBuildPhase;
			buildActionMask = 2147483647;
			files = (
				6003F5A9195388D20070C39A /* Images.xcassets in Resources */,
				6003F598195388D20070C39A /* InfoPlist.strings in Resources */,
			);
			runOnlyForDeploymentPostprocessing = 0;
		};
		6003F5AC195388D20070C39A /* Resources */ = {
			isa = PBXResourcesBuildPhase;
			buildActionMask = 2147483647;
			files = (
				6003F5BA195388D20070C39A /* InfoPlist.strings in Resources */,
			);
			runOnlyForDeploymentPostprocessing = 0;
		};
/* End PBXResourcesBuildPhase section */

/* Begin PBXShellScriptBuildPhase section */
		4DC2460CABE79065B1BFD3BA /* [CP] Copy Pods Resources */ = {
			isa = PBXShellScriptBuildPhase;
			buildActionMask = 2147483647;
			files = (
			);
			inputPaths = (
			);
			name = "[CP] Copy Pods Resources";
			outputPaths = (
			);
			runOnlyForDeploymentPostprocessing = 0;
			shellPath = /bin/sh;
			shellScript = "\"${SRCROOT}/../Pods/Target Support Files/Pods-Tests/Pods-Tests-resources.sh\"\n";
			showEnvVarsInLog = 0;
		};
		511FBE3E3184CA7DB327F5E7 /* [CP] Copy Pods Resources */ = {
			isa = PBXShellScriptBuildPhase;
			buildActionMask = 2147483647;
			files = (
			);
			inputPaths = (
			);
			name = "[CP] Copy Pods Resources";
			outputPaths = (
			);
			runOnlyForDeploymentPostprocessing = 0;
			shellPath = /bin/sh;
			shellScript = "\"${SRCROOT}/../Pods/Target Support Files/Pods-iOS-CloudBridge/Pods-iOS-CloudBridge-resources.sh\"\n";
			showEnvVarsInLog = 0;
		};
		5E03F0F4355CCC78AA14248F /* [CP] Embed Pods Frameworks */ = {
			isa = PBXShellScriptBuildPhase;
			buildActionMask = 2147483647;
			files = (
			);
			inputPaths = (
			);
			name = "[CP] Embed Pods Frameworks";
			outputPaths = (
			);
			runOnlyForDeploymentPostprocessing = 0;
			shellPath = /bin/sh;
			shellScript = "\"${SRCROOT}/../Pods/Target Support Files/Pods-iOS-CloudBridge/Pods-iOS-CloudBridge-frameworks.sh\"\n";
			showEnvVarsInLog = 0;
		};
		8A3CE2F4D3963F4757281952 /* [CP] Check Pods Manifest.lock */ = {
			isa = PBXShellScriptBuildPhase;
			buildActionMask = 2147483647;
			files = (
			);
			inputPaths = (
				"${PODS_PODFILE_DIR_PATH}/Podfile.lock",
				"${PODS_ROOT}/Manifest.lock",
			);
			name = "[CP] Check Pods Manifest.lock";
			outputPaths = (
				"$(DERIVED_FILE_DIR)/Pods-iOS-CloudBridge-checkManifestLockResult.txt",
			);
			runOnlyForDeploymentPostprocessing = 0;
			shellPath = /bin/sh;
			shellScript = "diff \"${PODS_PODFILE_DIR_PATH}/Podfile.lock\" \"${PODS_ROOT}/Manifest.lock\" > /dev/null\nif [ $? != 0 ] ; then\n    # print error to STDERR\n    echo \"error: The sandbox is not in sync with the Podfile.lock. Run 'pod install' or update your CocoaPods installation.\" >&2\n    exit 1\nfi\n# This output is used by Xcode 'outputs' to avoid re-running this script phase.\necho \"SUCCESS\" > \"${SCRIPT_OUTPUT_FILE_0}\"\n";
			showEnvVarsInLog = 0;
		};
		B0284D1EAF611CAABC3F7828 /* [CP] Check Pods Manifest.lock */ = {
			isa = PBXShellScriptBuildPhase;
			buildActionMask = 2147483647;
			files = (
			);
			inputPaths = (
				"${PODS_PODFILE_DIR_PATH}/Podfile.lock",
				"${PODS_ROOT}/Manifest.lock",
			);
			name = "[CP] Check Pods Manifest.lock";
			outputPaths = (
				"$(DERIVED_FILE_DIR)/Pods-Tests-checkManifestLockResult.txt",
			);
			runOnlyForDeploymentPostprocessing = 0;
			shellPath = /bin/sh;
			shellScript = "diff \"${PODS_PODFILE_DIR_PATH}/Podfile.lock\" \"${PODS_ROOT}/Manifest.lock\" > /dev/null\nif [ $? != 0 ] ; then\n    # print error to STDERR\n    echo \"error: The sandbox is not in sync with the Podfile.lock. Run 'pod install' or update your CocoaPods installation.\" >&2\n    exit 1\nfi\n# This output is used by Xcode 'outputs' to avoid re-running this script phase.\necho \"SUCCESS\" > \"${SCRIPT_OUTPUT_FILE_0}\"\n";
			showEnvVarsInLog = 0;
		};
		BF467B0F3AD6F24817FDACF2 /* [CP] Embed Pods Frameworks */ = {
			isa = PBXShellScriptBuildPhase;
			buildActionMask = 2147483647;
			files = (
			);
			inputPaths = (
			);
			name = "[CP] Embed Pods Frameworks";
			outputPaths = (
			);
			runOnlyForDeploymentPostprocessing = 0;
			shellPath = /bin/sh;
			shellScript = "\"${SRCROOT}/../Pods/Target Support Files/Pods-Tests/Pods-Tests-frameworks.sh\"\n";
			showEnvVarsInLog = 0;
		};
/* End PBXShellScriptBuildPhase section */

/* Begin PBXSourcesBuildPhase section */
		6003F586195388D20070C39A /* Sources */ = {
			isa = PBXSourcesBuildPhase;
			buildActionMask = 2147483647;
			files = (
				6003F59E195388D20070C39A /* CBRAppDelegate.m in Sources */,
				6003F5A7195388D20070C39A /* CBRViewController.m in Sources */,
				6003F59A195388D20070C39A /* main.m in Sources */,
			);
			runOnlyForDeploymentPostprocessing = 0;
		};
		6003F5AA195388D20070C39A /* Sources */ = {
			isa = PBXSourcesBuildPhase;
			buildActionMask = 2147483647;
			files = (
				A7561C3B1E8949280065654D /* JSONEntity1.m in Sources */,
				A7561C471E8949280065654D /* SLEntity5Child3.m in Sources */,
				A7561C4B1E8949280065654D /* SLEntity5Subclass.m in Sources */,
				A7561C4D1E8949280065654D /* SLEntity6Child.m in Sources */,
				A7561C411E8949280065654D /* SLEntity3.m in Sources */,
				A7561C421E8949280065654D /* SLEntity4.m in Sources */,
				A7561C3F1E8949280065654D /* SLEntity1.m in Sources */,
				A7561C491E8949280065654D /* SLEntity5Child5.m in Sources */,
				A7561C481E8949280065654D /* SLEntity5Child4.m in Sources */,
				A7F817571E897390001EDA01 /* CBRCloudBridge+RealmTests.m in Sources */,
				A7561C401E8949280065654D /* SLEntity2.m in Sources */,
				A7CEDD011B022B3E0011FA33 /* CBRRESTConnection+CoreDataTests.m in Sources */,
				A7561C0E1E8947A80065654D /* OCMStubRecorder+Tests.m in Sources */,
				A7561C4A1E8949280065654D /* SLEntity5Child6.m in Sources */,
				A7561C3C1E8949280065654D /* OfflineEntity.m in Sources */,
				A7561C4C1E8949280065654D /* SLEntity6.m in Sources */,
				A7561C0B1E8947470065654D /* CBRRESTConnection+RealmTests.m in Sources */,
				A7561C431E8949280065654D /* SLEntity4Subclass.m in Sources */,
				A7561C4E1E8949280065654D /* SLSubclassOfEntity1.m in Sources */,
				A7561C461E8949280065654D /* SLEntity5Child2.m in Sources */,
				A7561C3D1E8949280065654D /* OnlyOnlineEntity.m in Sources */,
				A7D1AC4B1A5552B000D25D50 /* CBRTestConnection.m in Sources */,
				A7CEDCFF1B022B2C0011FA33 /* CBRUnderscoredPropertyMappingTests.m in Sources */,
				A7561C3E1E8949280065654D /* PrefixedEntitiy.m in Sources */,
				A7D1AC541A5552CB00D25D50 /* CBRTestDataStore.xcdatamodeld in Sources */,
				A7F817531E896A6C001EDA01 /* RLMEntity6.m in Sources */,
				A7561C3A1E8949280065654D /* CBRTestDataStore.m in Sources */,
				A7561C451E8949280065654D /* SLEntity5Child1.m in Sources */,
				A7561C441E8949280065654D /* SLEntity5.m in Sources */,
				A7F817581E897580001EDA01 /* CBRCloudBridge+CoreDataTests.m in Sources */,
				A7D1AC3B1A55529E00D25D50 /* CBROfflineCapableCloudBridgeTests.m in Sources */,
				A7CEDCD01B0229D20011FA33 /* CBRJSONDictionaryTransformerTests.m in Sources */,
				A7D1AC3C1A55529E00D25D50 /* CBRTestCase.m in Sources */,
				A7CEDCCF1B0229D20011FA33 /* CBRIdentityPropertyMappingTest.m in Sources */,
				A7561C521E89495C0065654D /* RLMEntity4.m in Sources */,
			);
			runOnlyForDeploymentPostprocessing = 0;
		};
/* End PBXSourcesBuildPhase section */

/* Begin PBXTargetDependency section */
		6003F5B4195388D20070C39A /* PBXTargetDependency */ = {
			isa = PBXTargetDependency;
			target = 6003F589195388D20070C39A /* CloudBridge */;
			targetProxy = 6003F5B3195388D20070C39A /* PBXContainerItemProxy */;
		};
/* End PBXTargetDependency section */

/* Begin PBXVariantGroup section */
		6003F596195388D20070C39A /* InfoPlist.strings */ = {
			isa = PBXVariantGroup;
			children = (
				6003F597195388D20070C39A /* en */,
			);
			name = InfoPlist.strings;
			sourceTree = "<group>";
		};
		6003F5B8195388D20070C39A /* InfoPlist.strings */ = {
			isa = PBXVariantGroup;
			children = (
				6003F5B9195388D20070C39A /* en */,
			);
			name = InfoPlist.strings;
			sourceTree = "<group>";
		};
		A7C532AA1E8BABF40007B882 /* Main.storyboard */ = {
			isa = PBXVariantGroup;
			children = (
				A7C532AB1E8BABF40007B882 /* Base */,
			);
			name = Main.storyboard;
			sourceTree = "<group>";
		};
/* End PBXVariantGroup section */

/* Begin XCBuildConfiguration section */
		6003F5BD195388D20070C39A /* Debug */ = {
			isa = XCBuildConfiguration;
			buildSettings = {
				ALWAYS_SEARCH_USER_PATHS = NO;
				CLANG_CXX_LANGUAGE_STANDARD = "gnu++0x";
				CLANG_CXX_LIBRARY = "libc++";
				CLANG_ENABLE_MODULES = YES;
				CLANG_ENABLE_OBJC_ARC = YES;
				CLANG_WARN_BLOCK_CAPTURE_AUTORELEASING = YES;
				CLANG_WARN_BOOL_CONVERSION = YES;
				CLANG_WARN_COMMA = YES;
				CLANG_WARN_CONSTANT_CONVERSION = YES;
				CLANG_WARN_DIRECT_OBJC_ISA_USAGE = YES_ERROR;
				CLANG_WARN_EMPTY_BODY = YES;
				CLANG_WARN_ENUM_CONVERSION = YES;
				CLANG_WARN_INFINITE_RECURSION = YES;
				CLANG_WARN_INT_CONVERSION = YES;
				CLANG_WARN_NON_LITERAL_NULL_CONVERSION = YES;
				CLANG_WARN_OBJC_LITERAL_CONVERSION = YES;
				CLANG_WARN_OBJC_ROOT_CLASS = YES_ERROR;
				CLANG_WARN_RANGE_LOOP_ANALYSIS = YES;
				CLANG_WARN_STRICT_PROTOTYPES = YES;
				CLANG_WARN_SUSPICIOUS_MOVE = YES;
				CLANG_WARN_UNREACHABLE_CODE = YES;
				CLANG_WARN__DUPLICATE_METHOD_MATCH = YES;
				"CODE_SIGN_IDENTITY[sdk=iphoneos*]" = "iPhone Developer";
				COPY_PHASE_STRIP = NO;
				ENABLE_BITCODE = NO;
				ENABLE_STRICT_OBJC_MSGSEND = YES;
				ENABLE_TESTABILITY = YES;
				GCC_C_LANGUAGE_STANDARD = gnu99;
				GCC_DYNAMIC_NO_PIC = NO;
				GCC_NO_COMMON_BLOCKS = YES;
				GCC_OPTIMIZATION_LEVEL = 0;
				GCC_PREPROCESSOR_DEFINITIONS = (
					"DEBUG=1",
					"$(inherited)",
				);
				GCC_SYMBOLS_PRIVATE_EXTERN = NO;
				GCC_WARN_64_TO_32_BIT_CONVERSION = YES;
				GCC_WARN_ABOUT_RETURN_TYPE = YES_ERROR;
				GCC_WARN_UNDECLARED_SELECTOR = YES;
				GCC_WARN_UNINITIALIZED_AUTOS = YES_AGGRESSIVE;
				GCC_WARN_UNUSED_FUNCTION = YES;
				GCC_WARN_UNUSED_VARIABLE = YES;
				IPHONEOS_DEPLOYMENT_TARGET = 10.0;
				ONLY_ACTIVE_ARCH = YES;
				SDKROOT = iphoneos;
				TARGETED_DEVICE_FAMILY = "1,2";
				TVOS_DEPLOYMENT_TARGET = 10.0;
			};
			name = Debug;
		};
		6003F5BE195388D20070C39A /* Release */ = {
			isa = XCBuildConfiguration;
			buildSettings = {
				ALWAYS_SEARCH_USER_PATHS = NO;
				CLANG_CXX_LANGUAGE_STANDARD = "gnu++0x";
				CLANG_CXX_LIBRARY = "libc++";
				CLANG_ENABLE_MODULES = YES;
				CLANG_ENABLE_OBJC_ARC = YES;
				CLANG_WARN_BLOCK_CAPTURE_AUTORELEASING = YES;
				CLANG_WARN_BOOL_CONVERSION = YES;
				CLANG_WARN_COMMA = YES;
				CLANG_WARN_CONSTANT_CONVERSION = YES;
				CLANG_WARN_DIRECT_OBJC_ISA_USAGE = YES_ERROR;
				CLANG_WARN_EMPTY_BODY = YES;
				CLANG_WARN_ENUM_CONVERSION = YES;
				CLANG_WARN_INFINITE_RECURSION = YES;
				CLANG_WARN_INT_CONVERSION = YES;
				CLANG_WARN_NON_LITERAL_NULL_CONVERSION = YES;
				CLANG_WARN_OBJC_LITERAL_CONVERSION = YES;
				CLANG_WARN_OBJC_ROOT_CLASS = YES_ERROR;
				CLANG_WARN_RANGE_LOOP_ANALYSIS = YES;
				CLANG_WARN_STRICT_PROTOTYPES = YES;
				CLANG_WARN_SUSPICIOUS_MOVE = YES;
				CLANG_WARN_UNREACHABLE_CODE = YES;
				CLANG_WARN__DUPLICATE_METHOD_MATCH = YES;
				"CODE_SIGN_IDENTITY[sdk=iphoneos*]" = "iPhone Developer";
				COPY_PHASE_STRIP = YES;
				ENABLE_BITCODE = NO;
				ENABLE_NS_ASSERTIONS = NO;
				ENABLE_STRICT_OBJC_MSGSEND = YES;
				GCC_C_LANGUAGE_STANDARD = gnu99;
				GCC_NO_COMMON_BLOCKS = YES;
				GCC_WARN_64_TO_32_BIT_CONVERSION = YES;
				GCC_WARN_ABOUT_RETURN_TYPE = YES_ERROR;
				GCC_WARN_UNDECLARED_SELECTOR = YES;
				GCC_WARN_UNINITIALIZED_AUTOS = YES_AGGRESSIVE;
				GCC_WARN_UNUSED_FUNCTION = YES;
				GCC_WARN_UNUSED_VARIABLE = YES;
				IPHONEOS_DEPLOYMENT_TARGET = 10.0;
				SDKROOT = iphoneos;
				TARGETED_DEVICE_FAMILY = "1,2";
				TVOS_DEPLOYMENT_TARGET = 10.0;
				VALIDATE_PRODUCT = YES;
			};
			name = Release;
		};
		6003F5C0195388D20070C39A /* Debug */ = {
			isa = XCBuildConfiguration;
			baseConfigurationReference = 4673337293DFD4CF0AAE0B1D /* Pods-iOS-CloudBridge.debug.xcconfig */;
			buildSettings = {
				ASSETCATALOG_COMPILER_APPICON_NAME = AppIcon;
				ASSETCATALOG_COMPILER_LAUNCHIMAGE_NAME = LaunchImage;
				DEVELOPMENT_TEAM = 2JBBR5F9KT;
				GCC_PRECOMPILE_PREFIX_HEADER = YES;
				GCC_PREFIX_HEADER = "CloudBridge/CloudBridge-Prefix.pch";
				INFOPLIST_FILE = "CloudBridge/CloudBridge-Info.plist";
				IPHONEOS_DEPLOYMENT_TARGET = 10.0;
				PRODUCT_BUNDLE_IDENTIFIER = "org.cocoapods.demo.${PRODUCT_NAME:rfc1034identifier}";
				PRODUCT_NAME = "$(TARGET_NAME)";
				WRAPPER_EXTENSION = app;
			};
			name = Debug;
		};
		6003F5C1195388D20070C39A /* Release */ = {
			isa = XCBuildConfiguration;
			baseConfigurationReference = 4515D808F79C89B3893787D8 /* Pods-iOS-CloudBridge.release.xcconfig */;
			buildSettings = {
				ASSETCATALOG_COMPILER_APPICON_NAME = AppIcon;
				ASSETCATALOG_COMPILER_LAUNCHIMAGE_NAME = LaunchImage;
				DEVELOPMENT_TEAM = 2JBBR5F9KT;
				GCC_PRECOMPILE_PREFIX_HEADER = YES;
				GCC_PREFIX_HEADER = "CloudBridge/CloudBridge-Prefix.pch";
				INFOPLIST_FILE = "CloudBridge/CloudBridge-Info.plist";
				IPHONEOS_DEPLOYMENT_TARGET = 10.0;
				PRODUCT_BUNDLE_IDENTIFIER = "org.cocoapods.demo.${PRODUCT_NAME:rfc1034identifier}";
				PRODUCT_NAME = "$(TARGET_NAME)";
				WRAPPER_EXTENSION = app;
			};
			name = Release;
		};
		6003F5C3195388D20070C39A /* Debug */ = {
			isa = XCBuildConfiguration;
			baseConfigurationReference = 1B7DF1EBB473983AE6EB7EE5 /* Pods-Tests.debug.xcconfig */;
			buildSettings = {
				BUNDLE_LOADER = "$(BUILT_PRODUCTS_DIR)/CloudBridge.app/CloudBridge";
				GCC_PRECOMPILE_PREFIX_HEADER = YES;
				GCC_PREFIX_HEADER = "Tests/Tests-Prefix.pch";
				GCC_PREPROCESSOR_DEFINITIONS = (
					"DEBUG=1",
					"$(inherited)",
				);
				INFOPLIST_FILE = "Tests/Tests-Info.plist";
				PRODUCT_BUNDLE_IDENTIFIER = "org.cocoapods.demo.${PRODUCT_NAME:rfc1034identifier}";
				PRODUCT_NAME = "$(TARGET_NAME)";
				TEST_HOST = "$(BUNDLE_LOADER)";
				WRAPPER_EXTENSION = xctest;
			};
			name = Debug;
		};
		6003F5C4195388D20070C39A /* Release */ = {
			isa = XCBuildConfiguration;
			baseConfigurationReference = 4F918352D5685A4FDF9AE9B5 /* Pods-Tests.release.xcconfig */;
			buildSettings = {
				BUNDLE_LOADER = "$(BUILT_PRODUCTS_DIR)/CloudBridge.app/CloudBridge";
				GCC_PRECOMPILE_PREFIX_HEADER = YES;
				GCC_PREFIX_HEADER = "Tests/Tests-Prefix.pch";
				INFOPLIST_FILE = "Tests/Tests-Info.plist";
				PRODUCT_BUNDLE_IDENTIFIER = "org.cocoapods.demo.${PRODUCT_NAME:rfc1034identifier}";
				PRODUCT_NAME = "$(TARGET_NAME)";
				TEST_HOST = "$(BUNDLE_LOADER)";
				WRAPPER_EXTENSION = xctest;
			};
			name = Release;
		};
/* End XCBuildConfiguration section */

/* Begin XCConfigurationList section */
		6003F585195388D10070C39A /* Build configuration list for PBXProject "CloudBridge" */ = {
			isa = XCConfigurationList;
			buildConfigurations = (
				6003F5BD195388D20070C39A /* Debug */,
				6003F5BE195388D20070C39A /* Release */,
			);
			defaultConfigurationIsVisible = 0;
			defaultConfigurationName = Release;
		};
		6003F5BF195388D20070C39A /* Build configuration list for PBXNativeTarget "CloudBridge" */ = {
			isa = XCConfigurationList;
			buildConfigurations = (
				6003F5C0195388D20070C39A /* Debug */,
				6003F5C1195388D20070C39A /* Release */,
			);
			defaultConfigurationIsVisible = 0;
			defaultConfigurationName = Release;
		};
		6003F5C2195388D20070C39A /* Build configuration list for PBXNativeTarget "Tests" */ = {
			isa = XCConfigurationList;
			buildConfigurations = (
				6003F5C3195388D20070C39A /* Debug */,
				6003F5C4195388D20070C39A /* Release */,
			);
			defaultConfigurationIsVisible = 0;
			defaultConfigurationName = Release;
		};
/* End XCConfigurationList section */

/* Begin XCVersionGroup section */
		A7D1AC521A5552CB00D25D50 /* CBRTestDataStore.xcdatamodeld */ = {
			isa = XCVersionGroup;
			children = (
				A7D1AC531A5552CB00D25D50 /* CBRTestDataStore.xcdatamodel */,
			);
			currentVersion = A7D1AC531A5552CB00D25D50 /* CBRTestDataStore.xcdatamodel */;
			path = CBRTestDataStore.xcdatamodeld;
			sourceTree = "<group>";
			versionGroupType = wrapper.xcdatamodel;
		};
/* End XCVersionGroup section */
	};
	rootObject = 6003F582195388D10070C39A /* Project object */;
}
